// !$*UTF8*$!
{
	archiveVersion = 1;
	classes = {
	};
	objectVersion = 48;
	objects = {

/* Begin PBXBuildFile section */
		8C571BDE1FAB713A001EB292 /* AppDelegate.swift in Sources */ = {isa = PBXBuildFile; fileRef = 8C571BDD1FAB713A001EB292 /* AppDelegate.swift */; };
		8C571BE01FAB713A001EB292 /* ViewController.swift in Sources */ = {isa = PBXBuildFile; fileRef = 8C571BDF1FAB713A001EB292 /* ViewController.swift */; };
		8C571BE31FAB713A001EB292 /* Main.storyboard in Resources */ = {isa = PBXBuildFile; fileRef = 8C571BE11FAB713A001EB292 /* Main.storyboard */; };
		8C571BE51FAB713A001EB292 /* Assets.xcassets in Resources */ = {isa = PBXBuildFile; fileRef = 8C571BE41FAB713A001EB292 /* Assets.xcassets */; };
		8C571BE81FAB713A001EB292 /* LaunchScreen.storyboard in Resources */ = {isa = PBXBuildFile; fileRef = 8C571BE61FAB713A001EB292 /* LaunchScreen.storyboard */; };
		8C571BF31FAB713B001EB292 /* TipCalculatorTests.swift in Sources */ = {isa = PBXBuildFile; fileRef = 8C571BF21FAB713B001EB292 /* TipCalculatorTests.swift */; };
		8C571BFE1FAB713B001EB292 /* TipCalculatorUITests.swift in Sources */ = {isa = PBXBuildFile; fileRef = 8C571BFD1FAB713B001EB292 /* TipCalculatorUITests.swift */; };
/* End PBXBuildFile section */

/* Begin PBXContainerItemProxy section */
		8C571BEF1FAB713A001EB292 /* PBXContainerItemProxy */ = {
			isa = PBXContainerItemProxy;
			containerPortal = 8C571BD21FAB713A001EB292 /* Project object */;
			proxyType = 1;
			remoteGlobalIDString = 8C571BD91FAB713A001EB292;
			remoteInfo = TipCalculator;
		};
		8C571BFA1FAB713B001EB292 /* PBXContainerItemProxy */ = {
			isa = PBXContainerItemProxy;
			containerPortal = 8C571BD21FAB713A001EB292 /* Project object */;
			proxyType = 1;
			remoteGlobalIDString = 8C571BD91FAB713A001EB292;
			remoteInfo = TipCalculator;
		};
/* End PBXContainerItemProxy section */

/* Begin PBXFileReference section */
		8C571BDA1FAB713A001EB292 /* TipCalculator.app */ = {isa = PBXFileReference; explicitFileType = wrapper.application; includeInIndex = 0; path = TipCalculator.app; sourceTree = BUILT_PRODUCTS_DIR; };
		8C571BDD1FAB713A001EB292 /* AppDelegate.swift */ = {isa = PBXFileReference; lastKnownFileType = sourcecode.swift; path = AppDelegate.swift; sourceTree = "<group>"; };
		8C571BDF1FAB713A001EB292 /* ViewController.swift */ = {isa = PBXFileReference; lastKnownFileType = sourcecode.swift; path = ViewController.swift; sourceTree = "<group>"; };
		8C571BE21FAB713A001EB292 /* Base */ = {isa = PBXFileReference; lastKnownFileType = file.storyboard; name = Base; path = Base.lproj/Main.storyboard; sourceTree = "<group>"; };
		8C571BE41FAB713A001EB292 /* Assets.xcassets */ = {isa = PBXFileReference; lastKnownFileType = folder.assetcatalog; path = Assets.xcassets; sourceTree = "<group>"; };
		8C571BE71FAB713A001EB292 /* Base */ = {isa = PBXFileReference; lastKnownFileType = file.storyboard; name = Base; path = Base.lproj/LaunchScreen.storyboard; sourceTree = "<group>"; };
		8C571BE91FAB713A001EB292 /* Info.plist */ = {isa = PBXFileReference; lastKnownFileType = text.plist.xml; path = Info.plist; sourceTree = "<group>"; };
		8C571BEE1FAB713A001EB292 /* TipCalculatorTests.xctest */ = {isa = PBXFileReference; explicitFileType = wrapper.cfbundle; includeInIndex = 0; path = TipCalculatorTests.xctest; sourceTree = BUILT_PRODUCTS_DIR; };
		8C571BF21FAB713B001EB292 /* TipCalculatorTests.swift */ = {isa = PBXFileReference; lastKnownFileType = sourcecode.swift; path = TipCalculatorTests.swift; sourceTree = "<group>"; };
		8C571BF41FAB713B001EB292 /* Info.plist */ = {isa = PBXFileReference; lastKnownFileType = text.plist.xml; path = Info.plist; sourceTree = "<group>"; };
		8C571BF91FAB713B001EB292 /* TipCalculatorUITests.xctest */ = {isa = PBXFileReference; explicitFileType = wrapper.cfbundle; includeInIndex = 0; path = TipCalculatorUITests.xctest; sourceTree = BUILT_PRODUCTS_DIR; };
		8C571BFD1FAB713B001EB292 /* TipCalculatorUITests.swift */ = {isa = PBXFileReference; lastKnownFileType = sourcecode.swift; path = TipCalculatorUITests.swift; sourceTree = "<group>"; };
		8C571BFF1FAB713B001EB292 /* Info.plist */ = {isa = PBXFileReference; lastKnownFileType = text.plist.xml; path = Info.plist; sourceTree = "<group>"; };
/* End PBXFileReference section */

/* Begin PBXFrameworksBuildPhase section */
		8C571BD71FAB713A001EB292 /* Frameworks */ = {
			isa = PBXFrameworksBuildPhase;
			buildActionMask = 2147483647;
			files = (
			);
			runOnlyForDeploymentPostprocessing = 0;
		};
		8C571BEB1FAB713A001EB292 /* Frameworks */ = {
			isa = PBXFrameworksBuildPhase;
			buildActionMask = 2147483647;
			files = (
			);
			runOnlyForDeploymentPostprocessing = 0;
		};
		8C571BF61FAB713B001EB292 /* Frameworks */ = {
			isa = PBXFrameworksBuildPhase;
			buildActionMask = 2147483647;
			files = (
			);
			runOnlyForDeploymentPostprocessing = 0;
		};
/* End PBXFrameworksBuildPhase section */

/* Begin PBXGroup section */
		8C571BD11FAB713A001EB292 = {
			isa = PBXGroup;
			children = (
				8C571BDC1FAB713A001EB292 /* TipCalculator */,
				8C571BF11FAB713A001EB292 /* TipCalculatorTests */,
				8C571BFC1FAB713B001EB292 /* TipCalculatorUITests */,
				8C571BDB1FAB713A001EB292 /* Products */,
			);
			sourceTree = "<group>";
		};
		8C571BDB1FAB713A001EB292 /* Products */ = {
			isa = PBXGroup;
			children = (
				8C571BDA1FAB713A001EB292 /* TipCalculator.app */,
				8C571BEE1FAB713A001EB292 /* TipCalculatorTests.xctest */,
				8C571BF91FAB713B001EB292 /* TipCalculatorUITests.xctest */,
			);
			name = Products;
			sourceTree = "<group>";
		};
		8C571BDC1FAB713A001EB292 /* TipCalculator */ = {
			isa = PBXGroup;
			children = (
				8C571BDD1FAB713A001EB292 /* AppDelegate.swift */,
				8C571BDF1FAB713A001EB292 /* ViewController.swift */,
				8C571BE11FAB713A001EB292 /* Main.storyboard */,
				8C571BE41FAB713A001EB292 /* Assets.xcassets */,
				8C571BE61FAB713A001EB292 /* LaunchScreen.storyboard */,
				8C571BE91FAB713A001EB292 /* Info.plist */,
			);
			path = TipCalculator;
			sourceTree = "<group>";
		};
		8C571BF11FAB713A001EB292 /* TipCalculatorTests */ = {
			isa = PBXGroup;
			children = (
				8C571BF21FAB713B001EB292 /* TipCalculatorTests.swift */,
				8C571BF41FAB713B001EB292 /* Info.plist */,
			);
			path = TipCalculatorTests;
			sourceTree = "<group>";
		};
		8C571BFC1FAB713B001EB292 /* TipCalculatorUITests */ = {
			isa = PBXGroup;
			children = (
				8C571BFD1FAB713B001EB292 /* TipCalculatorUITests.swift */,
				8C571BFF1FAB713B001EB292 /* Info.plist */,
			);
			path = TipCalculatorUITests;
			sourceTree = "<group>";
		};
/* End PBXGroup section */

/* Begin PBXNativeTarget section */
		8C571BD91FAB713A001EB292 /* TipCalculator */ = {
			isa = PBXNativeTarget;
			buildConfigurationList = 8C571C021FAB713B001EB292 /* Build configuration list for PBXNativeTarget "TipCalculator" */;
			buildPhases = (
				8C571BD61FAB713A001EB292 /* Sources */,
				8C571BD71FAB713A001EB292 /* Frameworks */,
				8C571BD81FAB713A001EB292 /* Resources */,
			);
			buildRules = (
			);
			dependencies = (
			);
			name = TipCalculator;
			productName = TipCalculator;
			productReference = 8C571BDA1FAB713A001EB292 /* TipCalculator.app */;
			productType = "com.apple.product-type.application";
		};
		8C571BED1FAB713A001EB292 /* TipCalculatorTests */ = {
			isa = PBXNativeTarget;
			buildConfigurationList = 8C571C051FAB713B001EB292 /* Build configuration list for PBXNativeTarget "TipCalculatorTests" */;
			buildPhases = (
				8C571BEA1FAB713A001EB292 /* Sources */,
				8C571BEB1FAB713A001EB292 /* Frameworks */,
				8C571BEC1FAB713A001EB292 /* Resources */,
			);
			buildRules = (
			);
			dependencies = (
				8C571BF01FAB713A001EB292 /* PBXTargetDependency */,
			);
			name = TipCalculatorTests;
			productName = TipCalculatorTests;
			productReference = 8C571BEE1FAB713A001EB292 /* TipCalculatorTests.xctest */;
			productType = "com.apple.product-type.bundle.unit-test";
		};
		8C571BF81FAB713B001EB292 /* TipCalculatorUITests */ = {
			isa = PBXNativeTarget;
			buildConfigurationList = 8C571C081FAB713B001EB292 /* Build configuration list for PBXNativeTarget "TipCalculatorUITests" */;
			buildPhases = (
				8C571BF51FAB713B001EB292 /* Sources */,
				8C571BF61FAB713B001EB292 /* Frameworks */,
				8C571BF71FAB713B001EB292 /* Resources */,
			);
			buildRules = (
			);
			dependencies = (
				8C571BFB1FAB713B001EB292 /* PBXTargetDependency */,
			);
			name = TipCalculatorUITests;
			productName = TipCalculatorUITests;
			productReference = 8C571BF91FAB713B001EB292 /* TipCalculatorUITests.xctest */;
			productType = "com.apple.product-type.bundle.ui-testing";
		};
/* End PBXNativeTarget section */

/* Begin PBXProject section */
		8C571BD21FAB713A001EB292 /* Project object */ = {
			isa = PBXProject;
			attributes = {
				LastSwiftUpdateCheck = 0900;
				LastUpgradeCheck = 0900;
				ORGANIZATIONNAME = "Tiffani Fox";
				TargetAttributes = {
					8C571BD91FAB713A001EB292 = {
						CreatedOnToolsVersion = 9.0.1;
						ProvisioningStyle = Automatic;
					};
					8C571BED1FAB713A001EB292 = {
						CreatedOnToolsVersion = 9.0.1;
						ProvisioningStyle = Automatic;
						TestTargetID = 8C571BD91FAB713A001EB292;
					};
					8C571BF81FAB713B001EB292 = {
						CreatedOnToolsVersion = 9.0.1;
						ProvisioningStyle = Automatic;
						TestTargetID = 8C571BD91FAB713A001EB292;
					};
				};
			};
			buildConfigurationList = 8C571BD51FAB713A001EB292 /* Build configuration list for PBXProject "TipCalculator" */;
			compatibilityVersion = "Xcode 8.0";
			developmentRegion = en;
			hasScannedForEncodings = 0;
			knownRegions = (
				en,
				Base,
			);
			mainGroup = 8C571BD11FAB713A001EB292;
			productRefGroup = 8C571BDB1FAB713A001EB292 /* Products */;
			projectDirPath = "";
			projectRoot = "";
			targets = (
				8C571BD91FAB713A001EB292 /* TipCalculator */,
				8C571BED1FAB713A001EB292 /* TipCalculatorTests */,
				8C571BF81FAB713B001EB292 /* TipCalculatorUITests */,
			);
		};
/* End PBXProject section */

/* Begin PBXResourcesBuildPhase section */
		8C571BD81FAB713A001EB292 /* Resources */ = {
			isa = PBXResourcesBuildPhase;
			buildActionMask = 2147483647;
			files = (
				8C571BE81FAB713A001EB292 /* LaunchScreen.storyboard in Resources */,
				8C571BE51FAB713A001EB292 /* Assets.xcassets in Resources */,
				8C571BE31FAB713A001EB292 /* Main.storyboard in Resources */,
			);
			runOnlyForDeploymentPostprocessing = 0;
		};
		8C571BEC1FAB713A001EB292 /* Resources */ = {
			isa = PBXResourcesBuildPhase;
			buildActionMask = 2147483647;
			files = (
			);
			runOnlyForDeploymentPostprocessing = 0;
		};
		8C571BF71FAB713B001EB292 /* Resources */ = {
			isa = PBXResourcesBuildPhase;
			buildActionMask = 2147483647;
			files = (
			);
			runOnlyForDeploymentPostprocessing = 0;
		};
/* End PBXResourcesBuildPhase section */

/* Begin PBXSourcesBuildPhase section */
		8C571BD61FAB713A001EB292 /* Sources */ = {
			isa = PBXSourcesBuildPhase;
			buildActionMask = 2147483647;
			files = (
				8C571BE01FAB713A001EB292 /* ViewController.swift in Sources */,
				8C571BDE1FAB713A001EB292 /* AppDelegate.swift in Sources */,
			);
			runOnlyForDeploymentPostprocessing = 0;
		};
		8C571BEA1FAB713A001EB292 /* Sources */ = {
			isa = PBXSourcesBuildPhase;
			buildActionMask = 2147483647;
			files = (
				8C571BF31FAB713B001EB292 /* TipCalculatorTests.swift in Sources */,
			);
			runOnlyForDeploymentPostprocessing = 0;
		};
		8C571BF51FAB713B001EB292 /* Sources */ = {
			isa = PBXSourcesBuildPhase;
			buildActionMask = 2147483647;
			files = (
				8C571BFE1FAB713B001EB292 /* TipCalculatorUITests.swift in Sources */,
			);
			runOnlyForDeploymentPostprocessing = 0;
		};
/* End PBXSourcesBuildPhase section */

/* Begin PBXTargetDependency section */
		8C571BF01FAB713A001EB292 /* PBXTargetDependency */ = {
			isa = PBXTargetDependency;
			target = 8C571BD91FAB713A001EB292 /* TipCalculator */;
			targetProxy = 8C571BEF1FAB713A001EB292 /* PBXContainerItemProxy */;
		};
		8C571BFB1FAB713B001EB292 /* PBXTargetDependency */ = {
			isa = PBXTargetDependency;
			target = 8C571BD91FAB713A001EB292 /* TipCalculator */;
			targetProxy = 8C571BFA1FAB713B001EB292 /* PBXContainerItemProxy */;
		};
/* End PBXTargetDependency section */

/* Begin PBXVariantGroup section */
		8C571BE11FAB713A001EB292 /* Main.storyboard */ = {
			isa = PBXVariantGroup;
			children = (
				8C571BE21FAB713A001EB292 /* Base */,
			);
			name = Main.storyboard;
			sourceTree = "<group>";
		};
		8C571BE61FAB713A001EB292 /* LaunchScreen.storyboard */ = {
			isa = PBXVariantGroup;
			children = (
				8C571BE71FAB713A001EB292 /* Base */,
			);
			name = LaunchScreen.storyboard;
			sourceTree = "<group>";
		};
/* End PBXVariantGroup section */

/* Begin XCBuildConfiguration section */
		8C571C001FAB713B001EB292 /* Debug */ = {
			isa = XCBuildConfiguration;
			buildSettings = {
				ALWAYS_SEARCH_USER_PATHS = NO;
				CLANG_ANALYZER_NONNULL = YES;
				CLANG_ANALYZER_NUMBER_OBJECT_CONVERSION = YES_AGGRESSIVE;
				CLANG_CXX_LANGUAGE_STANDARD = "gnu++14";
				CLANG_CXX_LIBRARY = "libc++";
				CLANG_ENABLE_MODULES = YES;
				CLANG_ENABLE_OBJC_ARC = YES;
				CLANG_WARN_BLOCK_CAPTURE_AUTORELEASING = YES;
				CLANG_WARN_BOOL_CONVERSION = YES;
				CLANG_WARN_COMMA = YES;
				CLANG_WARN_CONSTANT_CONVERSION = YES;
				CLANG_WARN_DIRECT_OBJC_ISA_USAGE = YES_ERROR;
				CLANG_WARN_DOCUMENTATION_COMMENTS = YES;
				CLANG_WARN_EMPTY_BODY = YES;
				CLANG_WARN_ENUM_CONVERSION = YES;
				CLANG_WARN_INFINITE_RECURSION = YES;
				CLANG_WARN_INT_CONVERSION = YES;
				CLANG_WARN_NON_LITERAL_NULL_CONVERSION = YES;
				CLANG_WARN_OBJC_LITERAL_CONVERSION = YES;
				CLANG_WARN_OBJC_ROOT_CLASS = YES_ERROR;
				CLANG_WARN_RANGE_LOOP_ANALYSIS = YES;
				CLANG_WARN_STRICT_PROTOTYPES = YES;
				CLANG_WARN_SUSPICIOUS_MOVE = YES;
				CLANG_WARN_UNGUARDED_AVAILABILITY = YES_AGGRESSIVE;
				CLANG_WARN_UNREACHABLE_CODE = YES;
				CLANG_WARN__DUPLICATE_METHOD_MATCH = YES;
				CODE_SIGN_IDENTITY = "iPhone Developer";
				COPY_PHASE_STRIP = NO;
				DEBUG_INFORMATION_FORMAT = dwarf;
				ENABLE_STRICT_OBJC_MSGSEND = YES;
				ENABLE_TESTABILITY = YES;
				GCC_C_LANGUAGE_STANDARD = gnu11;
				GCC_DYNAMIC_NO_PIC = NO;
				GCC_NO_COMMON_BLOCKS = YES;
				GCC_OPTIMIZATION_LEVEL = 0;
				GCC_PREPROCESSOR_DEFINITIONS = (
					"DEBUG=1",
					"$(inherited)",
				);
				GCC_WARN_64_TO_32_BIT_CONVERSION = YES;
				GCC_WARN_ABOUT_RETURN_TYPE = YES_ERROR;
				GCC_WARN_UNDECLARED_SELECTOR = YES;
				GCC_WARN_UNINITIALIZED_AUTOS = YES_AGGRESSIVE;
				GCC_WARN_UNUSED_FUNCTION = YES;
				GCC_WARN_UNUSED_VARIABLE = YES;
				IPHONEOS_DEPLOYMENT_TARGET = 11.0;
				MTL_ENABLE_DEBUG_INFO = YES;
				ONLY_ACTIVE_ARCH = YES;
				SDKROOT = iphoneos;
				SWIFT_ACTIVE_COMPILATION_CONDITIONS = DEBUG;
				SWIFT_OPTIMIZATION_LEVEL = "-Onone";
			};
			name = Debug;
		};
		8C571C011FAB713B001EB292 /* Release */ = {
			isa = XCBuildConfiguration;
			buildSettings = {
				ALWAYS_SEARCH_USER_PATHS = NO;
				CLANG_ANALYZER_NONNULL = YES;
				CLANG_ANALYZER_NUMBER_OBJECT_CONVERSION = YES_AGGRESSIVE;
				CLANG_CXX_LANGUAGE_STANDARD = "gnu++14";
				CLANG_CXX_LIBRARY = "libc++";
				CLANG_ENABLE_MODULES = YES;
				CLANG_ENABLE_OBJC_ARC = YES;
				CLANG_WARN_BLOCK_CAPTURE_AUTORELEASING = YES;
				CLANG_WARN_BOOL_CONVERSION = YES;
				CLANG_WARN_COMMA = YES;
				CLANG_WARN_CONSTANT_CONVERSION = YES;
				CLANG_WARN_DIRECT_OBJC_ISA_USAGE = YES_ERROR;
				CLANG_WARN_DOCUMENTATION_COMMENTS = YES;
				CLANG_WARN_EMPTY_BODY = YES;
				CLANG_WARN_ENUM_CONVERSION = YES;
				CLANG_WARN_INFINITE_RECURSION = YES;
				CLANG_WARN_INT_CONVERSION = YES;
				CLANG_WARN_NON_LITERAL_NULL_CONVERSION = YES;
				CLANG_WARN_OBJC_LITERAL_CONVERSION = YES;
				CLANG_WARN_OBJC_ROOT_CLASS = YES_ERROR;
				CLANG_WARN_RANGE_LOOP_ANALYSIS = YES;
				CLANG_WARN_STRICT_PROTOTYPES = YES;
				CLANG_WARN_SUSPICIOUS_MOVE = YES;
				CLANG_WARN_UNGUARDED_AVAILABILITY = YES_AGGRESSIVE;
				CLANG_WARN_UNREACHABLE_CODE = YES;
				CLANG_WARN__DUPLICATE_METHOD_MATCH = YES;
				CODE_SIGN_IDENTITY = "iPhone Developer";
				COPY_PHASE_STRIP = NO;
				DEBUG_INFORMATION_FORMAT = "dwarf-with-dsym";
				ENABLE_NS_ASSERTIONS = NO;
				ENABLE_STRICT_OBJC_MSGSEND = YES;
				GCC_C_LANGUAGE_STANDARD = gnu11;
				GCC_NO_COMMON_BLOCKS = YES;
				GCC_WARN_64_TO_32_BIT_CONVERSION = YES;
				GCC_WARN_ABOUT_RETURN_TYPE = YES_ERROR;
				GCC_WARN_UNDECLARED_SELECTOR = YES;
				GCC_WARN_UNINITIALIZED_AUTOS = YES_AGGRESSIVE;
				GCC_WARN_UNUSED_FUNCTION = YES;
				GCC_WARN_UNUSED_VARIABLE = YES;
				IPHONEOS_DEPLOYMENT_TARGET = 11.0;
				MTL_ENABLE_DEBUG_INFO = NO;
				SDKROOT = iphoneos;
				SWIFT_OPTIMIZATION_LEVEL = "-Owholemodule";
				VALIDATE_PRODUCT = YES;
			};
			name = Release;
		};
		8C571C031FAB713B001EB292 /* Debug */ = {
			isa = XCBuildConfiguration;
			buildSettings = {
				ASSETCATALOG_COMPILER_APPICON_NAME = AppIcon;
				CODE_SIGN_STYLE = Automatic;
				INFOPLIST_FILE = TipCalculator/Info.plist;
				LD_RUNPATH_SEARCH_PATHS = "$(inherited) @executable_path/Frameworks";
				PRODUCT_BUNDLE_IDENTIFIER = com.codingdojo.TipCalculator;
				PRODUCT_NAME = "$(TARGET_NAME)";
				SWIFT_VERSION = 4.0;
				TARGETED_DEVICE_FAMILY = "1,2";
			};
			name = Debug;
		};
		8C571C041FAB713B001EB292 /* Release */ = {
			isa = XCBuildConfiguration;
			buildSettings = {
				ASSETCATALOG_COMPILER_APPICON_NAME = AppIcon;
				CODE_SIGN_STYLE = Automatic;
				INFOPLIST_FILE = TipCalculator/Info.plist;
				LD_RUNPATH_SEARCH_PATHS = "$(inherited) @executable_path/Frameworks";
				PRODUCT_BUNDLE_IDENTIFIER = com.codingdojo.TipCalculator;
				PRODUCT_NAME = "$(TARGET_NAME)";
				SWIFT_VERSION = 4.0;
				TARGETED_DEVICE_FAMILY = "1,2";
			};
			name = Release;
		};
		8C571C061FAB713B001EB292 /* Debug */ = {
			isa = XCBuildConfiguration;
			buildSettings = {
				ALWAYS_EMBED_SWIFT_STANDARD_LIBRARIES = YES;
				BUNDLE_LOADER = "$(TEST_HOST)";
				CODE_SIGN_STYLE = Automatic;
				INFOPLIST_FILE = TipCalculatorTests/Info.plist;
				LD_RUNPATH_SEARCH_PATHS = "$(inherited) @executable_path/Frameworks @loader_path/Frameworks";
				PRODUCT_BUNDLE_IDENTIFIER = com.codingdojo.TipCalculatorTests;
				PRODUCT_NAME = "$(TARGET_NAME)";
				SWIFT_VERSION = 4.0;
				TARGETED_DEVICE_FAMILY = "1,2";
				TEST_HOST = "$(BUILT_PRODUCTS_DIR)/TipCalculator.app/TipCalculator";
			};
			name = Debug;
		};
		8C571C071FAB713B001EB292 /* Release */ = {
			isa = XCBuildConfiguration;
			buildSettings = {
				ALWAYS_EMBED_SWIFT_STANDARD_LIBRARIES = YES;
				BUNDLE_LOADER = "$(TEST_HOST)";
				CODE_SIGN_STYLE = Automatic;
				INFOPLIST_FILE = TipCalculatorTests/Info.plist;
				LD_RUNPATH_SEARCH_PATHS = "$(inherited) @executable_path/Frameworks @loader_path/Frameworks";
				PRODUCT_BUNDLE_IDENTIFIER = com.codingdojo.TipCalculatorTests;
				PRODUCT_NAME = "$(TARGET_NAME)";
				SWIFT_VERSION = 4.0;
				TARGETED_DEVICE_FAMILY = "1,2";
				TEST_HOST = "$(BUILT_PRODUCTS_DIR)/TipCalculator.app/TipCalculator";
			};
			name = Release;
		};
		8C571C091FAB713B001EB292 /* Debug */ = {
			isa = XCBuildConfiguration;
			buildSettings = {
				ALWAYS_EMBED_SWIFT_STANDARD_LIBRARIES = YES;
				CODE_SIGN_STYLE = Automatic;
				INFOPLIST_FILE = TipCalculatorUITests/Info.plist;
				LD_RUNPATH_SEARCH_PATHS = "$(inherited) @executable_path/Frameworks @loader_path/Frameworks";
				PRODUCT_BUNDLE_IDENTIFIER = com.codingdojo.TipCalculatorUITests;
				PRODUCT_NAME = "$(TARGET_NAME)";
				SWIFT_VERSION = 4.0;
				TARGETED_DEVICE_FAMILY = "1,2";
				TEST_TARGET_NAME = TipCalculator;
			};
			name = Debug;
		};
		8C571C0A1FAB713B001EB292 /* Release */ = {
			isa = XCBuildConfiguration;
			buildSettings = {
				ALWAYS_EMBED_SWIFT_STANDARD_LIBRARIES = YES;
				CODE_SIGN_STYLE = Automatic;
				INFOPLIST_FILE = TipCalculatorUITests/Info.plist;
				LD_RUNPATH_SEARCH_PATHS = "$(inherited) @executable_path/Frameworks @loader_path/Frameworks";
				PRODUCT_BUNDLE_IDENTIFIER = com.codingdojo.TipCalculatorUITests;
				PRODUCT_NAME = "$(TARGET_NAME)";
				SWIFT_VERSION = 4.0;
				TARGETED_DEVICE_FAMILY = "1,2";
				TEST_TARGET_NAME = TipCalculator;
			};
			name = Release;
		};
/* End XCBuildConfiguration section */

/* Begin XCConfigurationList section */
		8C571BD51FAB713A001EB292 /* Build configuration list for PBXProject "TipCalculator" */ = {
			isa = XCConfigurationList;
			buildConfigurations = (
				8C571C001FAB713B001EB292 /* Debug */,
				8C571C011FAB713B001EB292 /* Release */,
			);
			defaultConfigurationIsVisible = 0;
			defaultConfigurationName = Release;
		};
		8C571C021FAB713B001EB292 /* Build configuration list for PBXNativeTarget "TipCalculator" */ = {
			isa = XCConfigurationList;
			buildConfigurations = (
				8C571C031FAB713B001EB292 /* Debug */,
				8C571C041FAB713B001EB292 /* Release */,
			);
			defaultConfigurationIsVisible = 0;
			defaultConfigurationName = Release;
		};
		8C571C051FAB713B001EB292 /* Build configuration list for PBXNativeTarget "TipCalculatorTests" */ = {
			isa = XCConfigurationList;
			buildConfigurations = (
				8C571C061FAB713B001EB292 /* Debug */,
				8C571C071FAB713B001EB292 /* Release */,
			);
			defaultConfigurationIsVisible = 0;
			defaultConfigurationName = Release;
		};
		8C571C081FAB713B001EB292 /* Build configuration list for PBXNativeTarget "TipCalculatorUITests" */ = {
			isa = XCConfigurationList;
			buildConfigurations = (
				8C571C091FAB713B001EB292 /* Debug */,
				8C571C0A1FAB713B001EB292 /* Release */,
			);
			defaultConfigurationIsVisible = 0;
			defaultConfigurationName = Release;
		};
/* End XCConfigurationList section */
	};
	rootObject = 8C571BD21FAB713A001EB292 /* Project object */;
}
