// !$*UTF8*$!
{
	archiveVersion = 1;
	classes = {
	};
	objectVersion = 48;
	objects = {

/* Begin PBXBuildFile section */
		8CEF08381FB11D210011785E /* AppDelegate.swift in Sources */ = {isa = PBXBuildFile; fileRef = 8CEF08371FB11D210011785E /* AppDelegate.swift */; };
		8CEF083A1FB11D210011785E /* ViewController.swift in Sources */ = {isa = PBXBuildFile; fileRef = 8CEF08391FB11D210011785E /* ViewController.swift */; };
		8CEF083D1FB11D210011785E /* Main.storyboard in Resources */ = {isa = PBXBuildFile; fileRef = 8CEF083B1FB11D210011785E /* Main.storyboard */; };
		8CEF083F1FB11D210011785E /* Assets.xcassets in Resources */ = {isa = PBXBuildFile; fileRef = 8CEF083E1FB11D210011785E /* Assets.xcassets */; };
		8CEF08421FB11D210011785E /* LaunchScreen.storyboard in Resources */ = {isa = PBXBuildFile; fileRef = 8CEF08401FB11D210011785E /* LaunchScreen.storyboard */; };
		8CEF084D1FB11D210011785E /* beast2Tests.swift in Sources */ = {isa = PBXBuildFile; fileRef = 8CEF084C1FB11D210011785E /* beast2Tests.swift */; };
		8CEF08581FB11D210011785E /* beast2UITests.swift in Sources */ = {isa = PBXBuildFile; fileRef = 8CEF08571FB11D210011785E /* beast2UITests.swift */; };
/* End PBXBuildFile section */

/* Begin PBXContainerItemProxy section */
		8CEF08491FB11D210011785E /* PBXContainerItemProxy */ = {
			isa = PBXContainerItemProxy;
			containerPortal = 8CEF082C1FB11D210011785E /* Project object */;
			proxyType = 1;
			remoteGlobalIDString = 8CEF08331FB11D210011785E;
			remoteInfo = beast2;
		};
		8CEF08541FB11D210011785E /* PBXContainerItemProxy */ = {
			isa = PBXContainerItemProxy;
			containerPortal = 8CEF082C1FB11D210011785E /* Project object */;
			proxyType = 1;
			remoteGlobalIDString = 8CEF08331FB11D210011785E;
			remoteInfo = beast2;
		};
/* End PBXContainerItemProxy section */

/* Begin PBXFileReference section */
		8CEF08341FB11D210011785E /* beast2.app */ = {isa = PBXFileReference; explicitFileType = wrapper.application; includeInIndex = 0; path = beast2.app; sourceTree = BUILT_PRODUCTS_DIR; };
		8CEF08371FB11D210011785E /* AppDelegate.swift */ = {isa = PBXFileReference; lastKnownFileType = sourcecode.swift; path = AppDelegate.swift; sourceTree = "<group>"; };
		8CEF08391FB11D210011785E /* ViewController.swift */ = {isa = PBXFileReference; lastKnownFileType = sourcecode.swift; path = ViewController.swift; sourceTree = "<group>"; };
		8CEF083C1FB11D210011785E /* Base */ = {isa = PBXFileReference; lastKnownFileType = file.storyboard; name = Base; path = Base.lproj/Main.storyboard; sourceTree = "<group>"; };
		8CEF083E1FB11D210011785E /* Assets.xcassets */ = {isa = PBXFileReference; lastKnownFileType = folder.assetcatalog; path = Assets.xcassets; sourceTree = "<group>"; };
		8CEF08411FB11D210011785E /* Base */ = {isa = PBXFileReference; lastKnownFileType = file.storyboard; name = Base; path = Base.lproj/LaunchScreen.storyboard; sourceTree = "<group>"; };
		8CEF08431FB11D210011785E /* Info.plist */ = {isa = PBXFileReference; lastKnownFileType = text.plist.xml; path = Info.plist; sourceTree = "<group>"; };
		8CEF08481FB11D210011785E /* beast2Tests.xctest */ = {isa = PBXFileReference; explicitFileType = wrapper.cfbundle; includeInIndex = 0; path = beast2Tests.xctest; sourceTree = BUILT_PRODUCTS_DIR; };
		8CEF084C1FB11D210011785E /* beast2Tests.swift */ = {isa = PBXFileReference; lastKnownFileType = sourcecode.swift; path = beast2Tests.swift; sourceTree = "<group>"; };
		8CEF084E1FB11D210011785E /* Info.plist */ = {isa = PBXFileReference; lastKnownFileType = text.plist.xml; path = Info.plist; sourceTree = "<group>"; };
		8CEF08531FB11D210011785E /* beast2UITests.xctest */ = {isa = PBXFileReference; explicitFileType = wrapper.cfbundle; includeInIndex = 0; path = beast2UITests.xctest; sourceTree = BUILT_PRODUCTS_DIR; };
		8CEF08571FB11D210011785E /* beast2UITests.swift */ = {isa = PBXFileReference; lastKnownFileType = sourcecode.swift; path = beast2UITests.swift; sourceTree = "<group>"; };
		8CEF08591FB11D210011785E /* Info.plist */ = {isa = PBXFileReference; lastKnownFileType = text.plist.xml; path = Info.plist; sourceTree = "<group>"; };
/* End PBXFileReference section */

/* Begin PBXFrameworksBuildPhase section */
		8CEF08311FB11D210011785E /* Frameworks */ = {
			isa = PBXFrameworksBuildPhase;
			buildActionMask = 2147483647;
			files = (
			);
			runOnlyForDeploymentPostprocessing = 0;
		};
		8CEF08451FB11D210011785E /* Frameworks */ = {
			isa = PBXFrameworksBuildPhase;
			buildActionMask = 2147483647;
			files = (
			);
			runOnlyForDeploymentPostprocessing = 0;
		};
		8CEF08501FB11D210011785E /* Frameworks */ = {
			isa = PBXFrameworksBuildPhase;
			buildActionMask = 2147483647;
			files = (
			);
			runOnlyForDeploymentPostprocessing = 0;
		};
/* End PBXFrameworksBuildPhase section */

/* Begin PBXGroup section */
		8CEF082B1FB11D210011785E = {
			isa = PBXGroup;
			children = (
				8CEF08361FB11D210011785E /* beast2 */,
				8CEF084B1FB11D210011785E /* beast2Tests */,
				8CEF08561FB11D210011785E /* beast2UITests */,
				8CEF08351FB11D210011785E /* Products */,
			);
			sourceTree = "<group>";
		};
		8CEF08351FB11D210011785E /* Products */ = {
			isa = PBXGroup;
			children = (
				8CEF08341FB11D210011785E /* beast2.app */,
				8CEF08481FB11D210011785E /* beast2Tests.xctest */,
				8CEF08531FB11D210011785E /* beast2UITests.xctest */,
			);
			name = Products;
			sourceTree = "<group>";
		};
		8CEF08361FB11D210011785E /* beast2 */ = {
			isa = PBXGroup;
			children = (
				8CEF08371FB11D210011785E /* AppDelegate.swift */,
				8CEF08391FB11D210011785E /* ViewController.swift */,
				8CEF083B1FB11D210011785E /* Main.storyboard */,
				8CEF083E1FB11D210011785E /* Assets.xcassets */,
				8CEF08401FB11D210011785E /* LaunchScreen.storyboard */,
				8CEF08431FB11D210011785E /* Info.plist */,
			);
			path = beast2;
			sourceTree = "<group>";
		};
		8CEF084B1FB11D210011785E /* beast2Tests */ = {
			isa = PBXGroup;
			children = (
				8CEF084C1FB11D210011785E /* beast2Tests.swift */,
				8CEF084E1FB11D210011785E /* Info.plist */,
			);
			path = beast2Tests;
			sourceTree = "<group>";
		};
		8CEF08561FB11D210011785E /* beast2UITests */ = {
			isa = PBXGroup;
			children = (
				8CEF08571FB11D210011785E /* beast2UITests.swift */,
				8CEF08591FB11D210011785E /* Info.plist */,
			);
			path = beast2UITests;
			sourceTree = "<group>";
		};
/* End PBXGroup section */

/* Begin PBXNativeTarget section */
		8CEF08331FB11D210011785E /* beast2 */ = {
			isa = PBXNativeTarget;
			buildConfigurationList = 8CEF085C1FB11D210011785E /* Build configuration list for PBXNativeTarget "beast2" */;
			buildPhases = (
				8CEF08301FB11D210011785E /* Sources */,
				8CEF08311FB11D210011785E /* Frameworks */,
				8CEF08321FB11D210011785E /* Resources */,
			);
			buildRules = (
			);
			dependencies = (
			);
			name = beast2;
			productName = beast2;
			productReference = 8CEF08341FB11D210011785E /* beast2.app */;
			productType = "com.apple.product-type.application";
		};
		8CEF08471FB11D210011785E /* beast2Tests */ = {
			isa = PBXNativeTarget;
			buildConfigurationList = 8CEF085F1FB11D210011785E /* Build configuration list for PBXNativeTarget "beast2Tests" */;
			buildPhases = (
				8CEF08441FB11D210011785E /* Sources */,
				8CEF08451FB11D210011785E /* Frameworks */,
				8CEF08461FB11D210011785E /* Resources */,
			);
			buildRules = (
			);
			dependencies = (
				8CEF084A1FB11D210011785E /* PBXTargetDependency */,
			);
			name = beast2Tests;
			productName = beast2Tests;
			productReference = 8CEF08481FB11D210011785E /* beast2Tests.xctest */;
			productType = "com.apple.product-type.bundle.unit-test";
		};
		8CEF08521FB11D210011785E /* beast2UITests */ = {
			isa = PBXNativeTarget;
			buildConfigurationList = 8CEF08621FB11D210011785E /* Build configuration list for PBXNativeTarget "beast2UITests" */;
			buildPhases = (
				8CEF084F1FB11D210011785E /* Sources */,
				8CEF08501FB11D210011785E /* Frameworks */,
				8CEF08511FB11D210011785E /* Resources */,
			);
			buildRules = (
			);
			dependencies = (
				8CEF08551FB11D210011785E /* PBXTargetDependency */,
			);
			name = beast2UITests;
			productName = beast2UITests;
			productReference = 8CEF08531FB11D210011785E /* beast2UITests.xctest */;
			productType = "com.apple.product-type.bundle.ui-testing";
		};
/* End PBXNativeTarget section */

/* Begin PBXProject section */
		8CEF082C1FB11D210011785E /* Project object */ = {
			isa = PBXProject;
			attributes = {
				LastSwiftUpdateCheck = 0900;
				LastUpgradeCheck = 0900;
				ORGANIZATIONNAME = "Tiffani Fox";
				TargetAttributes = {
					8CEF08331FB11D210011785E = {
						CreatedOnToolsVersion = 9.0.1;
						ProvisioningStyle = Automatic;
					};
					8CEF08471FB11D210011785E = {
						CreatedOnToolsVersion = 9.0.1;
						ProvisioningStyle = Automatic;
						TestTargetID = 8CEF08331FB11D210011785E;
					};
					8CEF08521FB11D210011785E = {
						CreatedOnToolsVersion = 9.0.1;
						ProvisioningStyle = Automatic;
						TestTargetID = 8CEF08331FB11D210011785E;
					};
				};
			};
			buildConfigurationList = 8CEF082F1FB11D210011785E /* Build configuration list for PBXProject "beast2" */;
			compatibilityVersion = "Xcode 8.0";
			developmentRegion = en;
			hasScannedForEncodings = 0;
			knownRegions = (
				en,
				Base,
			);
			mainGroup = 8CEF082B1FB11D210011785E;
			productRefGroup = 8CEF08351FB11D210011785E /* Products */;
			projectDirPath = "";
			projectRoot = "";
			targets = (
				8CEF08331FB11D210011785E /* beast2 */,
				8CEF08471FB11D210011785E /* beast2Tests */,
				8CEF08521FB11D210011785E /* beast2UITests */,
			);
		};
/* End PBXProject section */

/* Begin PBXResourcesBuildPhase section */
		8CEF08321FB11D210011785E /* Resources */ = {
			isa = PBXResourcesBuildPhase;
			buildActionMask = 2147483647;
			files = (
				8CEF08421FB11D210011785E /* LaunchScreen.storyboard in Resources */,
				8CEF083F1FB11D210011785E /* Assets.xcassets in Resources */,
				8CEF083D1FB11D210011785E /* Main.storyboard in Resources */,
			);
			runOnlyForDeploymentPostprocessing = 0;
		};
		8CEF08461FB11D210011785E /* Resources */ = {
			isa = PBXResourcesBuildPhase;
			buildActionMask = 2147483647;
			files = (
			);
			runOnlyForDeploymentPostprocessing = 0;
		};
		8CEF08511FB11D210011785E /* Resources */ = {
			isa = PBXResourcesBuildPhase;
			buildActionMask = 2147483647;
			files = (
			);
			runOnlyForDeploymentPostprocessing = 0;
		};
/* End PBXResourcesBuildPhase section */

/* Begin PBXSourcesBuildPhase section */
		8CEF08301FB11D210011785E /* Sources */ = {
			isa = PBXSourcesBuildPhase;
			buildActionMask = 2147483647;
			files = (
				8CEF083A1FB11D210011785E /* ViewController.swift in Sources */,
				8CEF08381FB11D210011785E /* AppDelegate.swift in Sources */,
			);
			runOnlyForDeploymentPostprocessing = 0;
		};
		8CEF08441FB11D210011785E /* Sources */ = {
			isa = PBXSourcesBuildPhase;
			buildActionMask = 2147483647;
			files = (
				8CEF084D1FB11D210011785E /* beast2Tests.swift in Sources */,
			);
			runOnlyForDeploymentPostprocessing = 0;
		};
		8CEF084F1FB11D210011785E /* Sources */ = {
			isa = PBXSourcesBuildPhase;
			buildActionMask = 2147483647;
			files = (
				8CEF08581FB11D210011785E /* beast2UITests.swift in Sources */,
			);
			runOnlyForDeploymentPostprocessing = 0;
		};
/* End PBXSourcesBuildPhase section */

/* Begin PBXTargetDependency section */
		8CEF084A1FB11D210011785E /* PBXTargetDependency */ = {
			isa = PBXTargetDependency;
			target = 8CEF08331FB11D210011785E /* beast2 */;
			targetProxy = 8CEF08491FB11D210011785E /* PBXContainerItemProxy */;
		};
		8CEF08551FB11D210011785E /* PBXTargetDependency */ = {
			isa = PBXTargetDependency;
			target = 8CEF08331FB11D210011785E /* beast2 */;
			targetProxy = 8CEF08541FB11D210011785E /* PBXContainerItemProxy */;
		};
/* End PBXTargetDependency section */

/* Begin PBXVariantGroup section */
		8CEF083B1FB11D210011785E /* Main.storyboard */ = {
			isa = PBXVariantGroup;
			children = (
				8CEF083C1FB11D210011785E /* Base */,
			);
			name = Main.storyboard;
			sourceTree = "<group>";
		};
		8CEF08401FB11D210011785E /* LaunchScreen.storyboard */ = {
			isa = PBXVariantGroup;
			children = (
				8CEF08411FB11D210011785E /* Base */,
			);
			name = LaunchScreen.storyboard;
			sourceTree = "<group>";
		};
/* End PBXVariantGroup section */

/* Begin XCBuildConfiguration section */
		8CEF085A1FB11D210011785E /* Debug */ = {
			isa = XCBuildConfiguration;
			buildSettings = {
				ALWAYS_SEARCH_USER_PATHS = NO;
				CLANG_ANALYZER_NONNULL = YES;
				CLANG_ANALYZER_NUMBER_OBJECT_CONVERSION = YES_AGGRESSIVE;
				CLANG_CXX_LANGUAGE_STANDARD = "gnu++14";
				CLANG_CXX_LIBRARY = "libc++";
				CLANG_ENABLE_MODULES = YES;
				CLANG_ENABLE_OBJC_ARC = YES;
				CLANG_WARN_BLOCK_CAPTURE_AUTORELEASING = YES;
				CLANG_WARN_BOOL_CONVERSION = YES;
				CLANG_WARN_COMMA = YES;
				CLANG_WARN_CONSTANT_CONVERSION = YES;
				CLANG_WARN_DIRECT_OBJC_ISA_USAGE = YES_ERROR;
				CLANG_WARN_DOCUMENTATION_COMMENTS = YES;
				CLANG_WARN_EMPTY_BODY = YES;
				CLANG_WARN_ENUM_CONVERSION = YES;
				CLANG_WARN_INFINITE_RECURSION = YES;
				CLANG_WARN_INT_CONVERSION = YES;
				CLANG_WARN_NON_LITERAL_NULL_CONVERSION = YES;
				CLANG_WARN_OBJC_LITERAL_CONVERSION = YES;
				CLANG_WARN_OBJC_ROOT_CLASS = YES_ERROR;
				CLANG_WARN_RANGE_LOOP_ANALYSIS = YES;
				CLANG_WARN_STRICT_PROTOTYPES = YES;
				CLANG_WARN_SUSPICIOUS_MOVE = YES;
				CLANG_WARN_UNGUARDED_AVAILABILITY = YES_AGGRESSIVE;
				CLANG_WARN_UNREACHABLE_CODE = YES;
				CLANG_WARN__DUPLICATE_METHOD_MATCH = YES;
				CODE_SIGN_IDENTITY = "iPhone Developer";
				COPY_PHASE_STRIP = NO;
				DEBUG_INFORMATION_FORMAT = dwarf;
				ENABLE_STRICT_OBJC_MSGSEND = YES;
				ENABLE_TESTABILITY = YES;
				GCC_C_LANGUAGE_STANDARD = gnu11;
				GCC_DYNAMIC_NO_PIC = NO;
				GCC_NO_COMMON_BLOCKS = YES;
				GCC_OPTIMIZATION_LEVEL = 0;
				GCC_PREPROCESSOR_DEFINITIONS = (
					"DEBUG=1",
					"$(inherited)",
				);
				GCC_WARN_64_TO_32_BIT_CONVERSION = YES;
				GCC_WARN_ABOUT_RETURN_TYPE = YES_ERROR;
				GCC_WARN_UNDECLARED_SELECTOR = YES;
				GCC_WARN_UNINITIALIZED_AUTOS = YES_AGGRESSIVE;
				GCC_WARN_UNUSED_FUNCTION = YES;
				GCC_WARN_UNUSED_VARIABLE = YES;
				IPHONEOS_DEPLOYMENT_TARGET = 11.0;
				MTL_ENABLE_DEBUG_INFO = YES;
				ONLY_ACTIVE_ARCH = YES;
				SDKROOT = iphoneos;
				SWIFT_ACTIVE_COMPILATION_CONDITIONS = DEBUG;
				SWIFT_OPTIMIZATION_LEVEL = "-Onone";
			};
			name = Debug;
		};
		8CEF085B1FB11D210011785E /* Release */ = {
			isa = XCBuildConfiguration;
			buildSettings = {
				ALWAYS_SEARCH_USER_PATHS = NO;
				CLANG_ANALYZER_NONNULL = YES;
				CLANG_ANALYZER_NUMBER_OBJECT_CONVERSION = YES_AGGRESSIVE;
				CLANG_CXX_LANGUAGE_STANDARD = "gnu++14";
				CLANG_CXX_LIBRARY = "libc++";
				CLANG_ENABLE_MODULES = YES;
				CLANG_ENABLE_OBJC_ARC = YES;
				CLANG_WARN_BLOCK_CAPTURE_AUTORELEASING = YES;
				CLANG_WARN_BOOL_CONVERSION = YES;
				CLANG_WARN_COMMA = YES;
				CLANG_WARN_CONSTANT_CONVERSION = YES;
				CLANG_WARN_DIRECT_OBJC_ISA_USAGE = YES_ERROR;
				CLANG_WARN_DOCUMENTATION_COMMENTS = YES;
				CLANG_WARN_EMPTY_BODY = YES;
				CLANG_WARN_ENUM_CONVERSION = YES;
				CLANG_WARN_INFINITE_RECURSION = YES;
				CLANG_WARN_INT_CONVERSION = YES;
				CLANG_WARN_NON_LITERAL_NULL_CONVERSION = YES;
				CLANG_WARN_OBJC_LITERAL_CONVERSION = YES;
				CLANG_WARN_OBJC_ROOT_CLASS = YES_ERROR;
				CLANG_WARN_RANGE_LOOP_ANALYSIS = YES;
				CLANG_WARN_STRICT_PROTOTYPES = YES;
				CLANG_WARN_SUSPICIOUS_MOVE = YES;
				CLANG_WARN_UNGUARDED_AVAILABILITY = YES_AGGRESSIVE;
				CLANG_WARN_UNREACHABLE_CODE = YES;
				CLANG_WARN__DUPLICATE_METHOD_MATCH = YES;
				CODE_SIGN_IDENTITY = "iPhone Developer";
				COPY_PHASE_STRIP = NO;
				DEBUG_INFORMATION_FORMAT = "dwarf-with-dsym";
				ENABLE_NS_ASSERTIONS = NO;
				ENABLE_STRICT_OBJC_MSGSEND = YES;
				GCC_C_LANGUAGE_STANDARD = gnu11;
				GCC_NO_COMMON_BLOCKS = YES;
				GCC_WARN_64_TO_32_BIT_CONVERSION = YES;
				GCC_WARN_ABOUT_RETURN_TYPE = YES_ERROR;
				GCC_WARN_UNDECLARED_SELECTOR = YES;
				GCC_WARN_UNINITIALIZED_AUTOS = YES_AGGRESSIVE;
				GCC_WARN_UNUSED_FUNCTION = YES;
				GCC_WARN_UNUSED_VARIABLE = YES;
				IPHONEOS_DEPLOYMENT_TARGET = 11.0;
				MTL_ENABLE_DEBUG_INFO = NO;
				SDKROOT = iphoneos;
				SWIFT_OPTIMIZATION_LEVEL = "-Owholemodule";
				VALIDATE_PRODUCT = YES;
			};
			name = Release;
		};
		8CEF085D1FB11D210011785E /* Debug */ = {
			isa = XCBuildConfiguration;
			buildSettings = {
				ASSETCATALOG_COMPILER_APPICON_NAME = AppIcon;
				CODE_SIGN_STYLE = Automatic;
				INFOPLIST_FILE = beast2/Info.plist;
				LD_RUNPATH_SEARCH_PATHS = "$(inherited) @executable_path/Frameworks";
				PRODUCT_BUNDLE_IDENTIFIER = com.codingdojo.beast2;
				PRODUCT_NAME = "$(TARGET_NAME)";
				SWIFT_VERSION = 4.0;
				TARGETED_DEVICE_FAMILY = "1,2";
			};
			name = Debug;
		};
		8CEF085E1FB11D210011785E /* Release */ = {
			isa = XCBuildConfiguration;
			buildSettings = {
				ASSETCATALOG_COMPILER_APPICON_NAME = AppIcon;
				CODE_SIGN_STYLE = Automatic;
				INFOPLIST_FILE = beast2/Info.plist;
				LD_RUNPATH_SEARCH_PATHS = "$(inherited) @executable_path/Frameworks";
				PRODUCT_BUNDLE_IDENTIFIER = com.codingdojo.beast2;
				PRODUCT_NAME = "$(TARGET_NAME)";
				SWIFT_VERSION = 4.0;
				TARGETED_DEVICE_FAMILY = "1,2";
			};
			name = Release;
		};
		8CEF08601FB11D210011785E /* Debug */ = {
			isa = XCBuildConfiguration;
			buildSettings = {
				ALWAYS_EMBED_SWIFT_STANDARD_LIBRARIES = YES;
				BUNDLE_LOADER = "$(TEST_HOST)";
				CODE_SIGN_STYLE = Automatic;
				INFOPLIST_FILE = beast2Tests/Info.plist;
				LD_RUNPATH_SEARCH_PATHS = "$(inherited) @executable_path/Frameworks @loader_path/Frameworks";
				PRODUCT_BUNDLE_IDENTIFIER = com.codingdojo.beast2Tests;
				PRODUCT_NAME = "$(TARGET_NAME)";
				SWIFT_VERSION = 4.0;
				TARGETED_DEVICE_FAMILY = "1,2";
				TEST_HOST = "$(BUILT_PRODUCTS_DIR)/beast2.app/beast2";
			};
			name = Debug;
		};
		8CEF08611FB11D210011785E /* Release */ = {
			isa = XCBuildConfiguration;
			buildSettings = {
				ALWAYS_EMBED_SWIFT_STANDARD_LIBRARIES = YES;
				BUNDLE_LOADER = "$(TEST_HOST)";
				CODE_SIGN_STYLE = Automatic;
				INFOPLIST_FILE = beast2Tests/Info.plist;
				LD_RUNPATH_SEARCH_PATHS = "$(inherited) @executable_path/Frameworks @loader_path/Frameworks";
				PRODUCT_BUNDLE_IDENTIFIER = com.codingdojo.beast2Tests;
				PRODUCT_NAME = "$(TARGET_NAME)";
				SWIFT_VERSION = 4.0;
				TARGETED_DEVICE_FAMILY = "1,2";
				TEST_HOST = "$(BUILT_PRODUCTS_DIR)/beast2.app/beast2";
			};
			name = Release;
		};
		8CEF08631FB11D210011785E /* Debug */ = {
			isa = XCBuildConfiguration;
			buildSettings = {
				ALWAYS_EMBED_SWIFT_STANDARD_LIBRARIES = YES;
				CODE_SIGN_STYLE = Automatic;
				INFOPLIST_FILE = beast2UITests/Info.plist;
				LD_RUNPATH_SEARCH_PATHS = "$(inherited) @executable_path/Frameworks @loader_path/Frameworks";
				PRODUCT_BUNDLE_IDENTIFIER = com.codingdojo.beast2UITests;
				PRODUCT_NAME = "$(TARGET_NAME)";
				SWIFT_VERSION = 4.0;
				TARGETED_DEVICE_FAMILY = "1,2";
				TEST_TARGET_NAME = beast2;
			};
			name = Debug;
		};
		8CEF08641FB11D210011785E /* Release */ = {
			isa = XCBuildConfiguration;
			buildSettings = {
				ALWAYS_EMBED_SWIFT_STANDARD_LIBRARIES = YES;
				CODE_SIGN_STYLE = Automatic;
				INFOPLIST_FILE = beast2UITests/Info.plist;
				LD_RUNPATH_SEARCH_PATHS = "$(inherited) @executable_path/Frameworks @loader_path/Frameworks";
				PRODUCT_BUNDLE_IDENTIFIER = com.codingdojo.beast2UITests;
				PRODUCT_NAME = "$(TARGET_NAME)";
				SWIFT_VERSION = 4.0;
				TARGETED_DEVICE_FAMILY = "1,2";
				TEST_TARGET_NAME = beast2;
			};
			name = Release;
		};
/* End XCBuildConfiguration section */

/* Begin XCConfigurationList section */
		8CEF082F1FB11D210011785E /* Build configuration list for PBXProject "beast2" */ = {
			isa = XCConfigurationList;
			buildConfigurations = (
				8CEF085A1FB11D210011785E /* Debug */,
				8CEF085B1FB11D210011785E /* Release */,
			);
			defaultConfigurationIsVisible = 0;
			defaultConfigurationName = Release;
		};
		8CEF085C1FB11D210011785E /* Build configuration list for PBXNativeTarget "beast2" */ = {
			isa = XCConfigurationList;
			buildConfigurations = (
				8CEF085D1FB11D210011785E /* Debug */,
				8CEF085E1FB11D210011785E /* Release */,
			);
			defaultConfigurationIsVisible = 0;
			defaultConfigurationName = Release;
		};
		8CEF085F1FB11D210011785E /* Build configuration list for PBXNativeTarget "beast2Tests" */ = {
			isa = XCConfigurationList;
			buildConfigurations = (
				8CEF08601FB11D210011785E /* Debug */,
				8CEF08611FB11D210011785E /* Release */,
			);
			defaultConfigurationIsVisible = 0;
			defaultConfigurationName = Release;
		};
		8CEF08621FB11D210011785E /* Build configuration list for PBXNativeTarget "beast2UITests" */ = {
			isa = XCConfigurationList;
			buildConfigurations = (
				8CEF08631FB11D210011785E /* Debug */,
				8CEF08641FB11D210011785E /* Release */,
			);
			defaultConfigurationIsVisible = 0;
			defaultConfigurationName = Release;
		};
/* End XCConfigurationList section */
	};
	rootObject = 8CEF082C1FB11D210011785E /* Project object */;
}
