// !$*UTF8*$!
{
	archiveVersion = 1;
	classes = {
	};
	objectVersion = 48;
	objects = {

/* Begin PBXBuildFile section */
		8CB6847E1FAA5A1B00736633 /* AppDelegate.swift in Sources */ = {isa = PBXBuildFile; fileRef = 8CB6847D1FAA5A1B00736633 /* AppDelegate.swift */; };
		8CB684831FAA5A1B00736633 /* Main.storyboard in Resources */ = {isa = PBXBuildFile; fileRef = 8CB684811FAA5A1B00736633 /* Main.storyboard */; };
		8CB684851FAA5A1B00736633 /* Assets.xcassets in Resources */ = {isa = PBXBuildFile; fileRef = 8CB684841FAA5A1B00736633 /* Assets.xcassets */; };
		8CB684881FAA5A1B00736633 /* LaunchScreen.storyboard in Resources */ = {isa = PBXBuildFile; fileRef = 8CB684861FAA5A1B00736633 /* LaunchScreen.storyboard */; };
		8CB684931FAA5A1B00736633 /* tttTests.swift in Sources */ = {isa = PBXBuildFile; fileRef = 8CB684921FAA5A1B00736633 /* tttTests.swift */; };
		8CB6849E1FAA5A1B00736633 /* tttUITests.swift in Sources */ = {isa = PBXBuildFile; fileRef = 8CB6849D1FAA5A1B00736633 /* tttUITests.swift */; };
		8CB684AB1FAA75B200736633 /* ViewController.swift in Sources */ = {isa = PBXBuildFile; fileRef = 8CB6847F1FAA5A1B00736633 /* ViewController.swift */; };
/* End PBXBuildFile section */

/* Begin PBXContainerItemProxy section */
		8CB6848F1FAA5A1B00736633 /* PBXContainerItemProxy */ = {
			isa = PBXContainerItemProxy;
			containerPortal = 8CB684721FAA5A1B00736633 /* Project object */;
			proxyType = 1;
			remoteGlobalIDString = 8CB684791FAA5A1B00736633;
			remoteInfo = ttt;
		};
		8CB6849A1FAA5A1B00736633 /* PBXContainerItemProxy */ = {
			isa = PBXContainerItemProxy;
			containerPortal = 8CB684721FAA5A1B00736633 /* Project object */;
			proxyType = 1;
			remoteGlobalIDString = 8CB684791FAA5A1B00736633;
			remoteInfo = ttt;
		};
/* End PBXContainerItemProxy section */

/* Begin PBXFileReference section */
		8CB6847A1FAA5A1B00736633 /* ttt.app */ = {isa = PBXFileReference; explicitFileType = wrapper.application; includeInIndex = 0; path = ttt.app; sourceTree = BUILT_PRODUCTS_DIR; };
		8CB6847D1FAA5A1B00736633 /* AppDelegate.swift */ = {isa = PBXFileReference; lastKnownFileType = sourcecode.swift; path = AppDelegate.swift; sourceTree = "<group>"; };
		8CB6847F1FAA5A1B00736633 /* ViewController.swift */ = {isa = PBXFileReference; lastKnownFileType = sourcecode.swift; path = ViewController.swift; sourceTree = "<group>"; };
		8CB684821FAA5A1B00736633 /* Base */ = {isa = PBXFileReference; lastKnownFileType = file.storyboard; name = Base; path = Base.lproj/Main.storyboard; sourceTree = "<group>"; };
		8CB684841FAA5A1B00736633 /* Assets.xcassets */ = {isa = PBXFileReference; lastKnownFileType = folder.assetcatalog; path = Assets.xcassets; sourceTree = "<group>"; };
		8CB684871FAA5A1B00736633 /* Base */ = {isa = PBXFileReference; lastKnownFileType = file.storyboard; name = Base; path = Base.lproj/LaunchScreen.storyboard; sourceTree = "<group>"; };
		8CB684891FAA5A1B00736633 /* Info.plist */ = {isa = PBXFileReference; lastKnownFileType = text.plist.xml; path = Info.plist; sourceTree = "<group>"; };
		8CB6848E1FAA5A1B00736633 /* tttTests.xctest */ = {isa = PBXFileReference; explicitFileType = wrapper.cfbundle; includeInIndex = 0; path = tttTests.xctest; sourceTree = BUILT_PRODUCTS_DIR; };
		8CB684921FAA5A1B00736633 /* tttTests.swift */ = {isa = PBXFileReference; lastKnownFileType = sourcecode.swift; path = tttTests.swift; sourceTree = "<group>"; };
		8CB684941FAA5A1B00736633 /* Info.plist */ = {isa = PBXFileReference; lastKnownFileType = text.plist.xml; path = Info.plist; sourceTree = "<group>"; };
		8CB684991FAA5A1B00736633 /* tttUITests.xctest */ = {isa = PBXFileReference; explicitFileType = wrapper.cfbundle; includeInIndex = 0; path = tttUITests.xctest; sourceTree = BUILT_PRODUCTS_DIR; };
		8CB6849D1FAA5A1B00736633 /* tttUITests.swift */ = {isa = PBXFileReference; lastKnownFileType = sourcecode.swift; path = tttUITests.swift; sourceTree = "<group>"; };
		8CB6849F1FAA5A1B00736633 /* Info.plist */ = {isa = PBXFileReference; lastKnownFileType = text.plist.xml; path = Info.plist; sourceTree = "<group>"; };
/* End PBXFileReference section */

/* Begin PBXFrameworksBuildPhase section */
		8CB684771FAA5A1B00736633 /* Frameworks */ = {
			isa = PBXFrameworksBuildPhase;
			buildActionMask = 2147483647;
			files = (
			);
			runOnlyForDeploymentPostprocessing = 0;
		};
		8CB6848B1FAA5A1B00736633 /* Frameworks */ = {
			isa = PBXFrameworksBuildPhase;
			buildActionMask = 2147483647;
			files = (
			);
			runOnlyForDeploymentPostprocessing = 0;
		};
		8CB684961FAA5A1B00736633 /* Frameworks */ = {
			isa = PBXFrameworksBuildPhase;
			buildActionMask = 2147483647;
			files = (
			);
			runOnlyForDeploymentPostprocessing = 0;
		};
/* End PBXFrameworksBuildPhase section */

/* Begin PBXGroup section */
		8CB684711FAA5A1B00736633 = {
			isa = PBXGroup;
			children = (
				8CB6847C1FAA5A1B00736633 /* ttt */,
				8CB684911FAA5A1B00736633 /* tttTests */,
				8CB6849C1FAA5A1B00736633 /* tttUITests */,
				8CB6847B1FAA5A1B00736633 /* Products */,
			);
			sourceTree = "<group>";
		};
		8CB6847B1FAA5A1B00736633 /* Products */ = {
			isa = PBXGroup;
			children = (
				8CB6847A1FAA5A1B00736633 /* ttt.app */,
				8CB6848E1FAA5A1B00736633 /* tttTests.xctest */,
				8CB684991FAA5A1B00736633 /* tttUITests.xctest */,
			);
			name = Products;
			sourceTree = "<group>";
		};
		8CB6847C1FAA5A1B00736633 /* ttt */ = {
			isa = PBXGroup;
			children = (
				8CB6847D1FAA5A1B00736633 /* AppDelegate.swift */,
				8CB6847F1FAA5A1B00736633 /* ViewController.swift */,
				8CB684811FAA5A1B00736633 /* Main.storyboard */,
				8CB684841FAA5A1B00736633 /* Assets.xcassets */,
				8CB684861FAA5A1B00736633 /* LaunchScreen.storyboard */,
				8CB684891FAA5A1B00736633 /* Info.plist */,
			);
			path = ttt;
			sourceTree = "<group>";
		};
		8CB684911FAA5A1B00736633 /* tttTests */ = {
			isa = PBXGroup;
			children = (
				8CB684921FAA5A1B00736633 /* tttTests.swift */,
				8CB684941FAA5A1B00736633 /* Info.plist */,
			);
			path = tttTests;
			sourceTree = "<group>";
		};
		8CB6849C1FAA5A1B00736633 /* tttUITests */ = {
			isa = PBXGroup;
			children = (
				8CB6849D1FAA5A1B00736633 /* tttUITests.swift */,
				8CB6849F1FAA5A1B00736633 /* Info.plist */,
			);
			path = tttUITests;
			sourceTree = "<group>";
		};
/* End PBXGroup section */

/* Begin PBXNativeTarget section */
		8CB684791FAA5A1B00736633 /* ttt */ = {
			isa = PBXNativeTarget;
			buildConfigurationList = 8CB684A21FAA5A1B00736633 /* Build configuration list for PBXNativeTarget "ttt" */;
			buildPhases = (
				8CB684761FAA5A1B00736633 /* Sources */,
				8CB684771FAA5A1B00736633 /* Frameworks */,
				8CB684781FAA5A1B00736633 /* Resources */,
			);
			buildRules = (
			);
			dependencies = (
			);
			name = ttt;
			productName = ttt;
			productReference = 8CB6847A1FAA5A1B00736633 /* ttt.app */;
			productType = "com.apple.product-type.application";
		};
		8CB6848D1FAA5A1B00736633 /* tttTests */ = {
			isa = PBXNativeTarget;
			buildConfigurationList = 8CB684A51FAA5A1B00736633 /* Build configuration list for PBXNativeTarget "tttTests" */;
			buildPhases = (
				8CB6848A1FAA5A1B00736633 /* Sources */,
				8CB6848B1FAA5A1B00736633 /* Frameworks */,
				8CB6848C1FAA5A1B00736633 /* Resources */,
			);
			buildRules = (
			);
			dependencies = (
				8CB684901FAA5A1B00736633 /* PBXTargetDependency */,
			);
			name = tttTests;
			productName = tttTests;
			productReference = 8CB6848E1FAA5A1B00736633 /* tttTests.xctest */;
			productType = "com.apple.product-type.bundle.unit-test";
		};
		8CB684981FAA5A1B00736633 /* tttUITests */ = {
			isa = PBXNativeTarget;
			buildConfigurationList = 8CB684A81FAA5A1B00736633 /* Build configuration list for PBXNativeTarget "tttUITests" */;
			buildPhases = (
				8CB684951FAA5A1B00736633 /* Sources */,
				8CB684961FAA5A1B00736633 /* Frameworks */,
				8CB684971FAA5A1B00736633 /* Resources */,
			);
			buildRules = (
			);
			dependencies = (
				8CB6849B1FAA5A1B00736633 /* PBXTargetDependency */,
			);
			name = tttUITests;
			productName = tttUITests;
			productReference = 8CB684991FAA5A1B00736633 /* tttUITests.xctest */;
			productType = "com.apple.product-type.bundle.ui-testing";
		};
/* End PBXNativeTarget section */

/* Begin PBXProject section */
		8CB684721FAA5A1B00736633 /* Project object */ = {
			isa = PBXProject;
			attributes = {
				LastSwiftUpdateCheck = 0900;
				LastUpgradeCheck = 0900;
				ORGANIZATIONNAME = "Tiffani Fox";
				TargetAttributes = {
					8CB684791FAA5A1B00736633 = {
						CreatedOnToolsVersion = 9.0.1;
						ProvisioningStyle = Automatic;
					};
					8CB6848D1FAA5A1B00736633 = {
						CreatedOnToolsVersion = 9.0.1;
						ProvisioningStyle = Automatic;
						TestTargetID = 8CB684791FAA5A1B00736633;
					};
					8CB684981FAA5A1B00736633 = {
						CreatedOnToolsVersion = 9.0.1;
						ProvisioningStyle = Automatic;
						TestTargetID = 8CB684791FAA5A1B00736633;
					};
				};
			};
			buildConfigurationList = 8CB684751FAA5A1B00736633 /* Build configuration list for PBXProject "ttt" */;
			compatibilityVersion = "Xcode 8.0";
			developmentRegion = en;
			hasScannedForEncodings = 0;
			knownRegions = (
				en,
				Base,
			);
			mainGroup = 8CB684711FAA5A1B00736633;
			productRefGroup = 8CB6847B1FAA5A1B00736633 /* Products */;
			projectDirPath = "";
			projectRoot = "";
			targets = (
				8CB684791FAA5A1B00736633 /* ttt */,
				8CB6848D1FAA5A1B00736633 /* tttTests */,
				8CB684981FAA5A1B00736633 /* tttUITests */,
			);
		};
/* End PBXProject section */

/* Begin PBXResourcesBuildPhase section */
		8CB684781FAA5A1B00736633 /* Resources */ = {
			isa = PBXResourcesBuildPhase;
			buildActionMask = 2147483647;
			files = (
				8CB684881FAA5A1B00736633 /* LaunchScreen.storyboard in Resources */,
				8CB684851FAA5A1B00736633 /* Assets.xcassets in Resources */,
				8CB684831FAA5A1B00736633 /* Main.storyboard in Resources */,
			);
			runOnlyForDeploymentPostprocessing = 0;
		};
		8CB6848C1FAA5A1B00736633 /* Resources */ = {
			isa = PBXResourcesBuildPhase;
			buildActionMask = 2147483647;
			files = (
			);
			runOnlyForDeploymentPostprocessing = 0;
		};
		8CB684971FAA5A1B00736633 /* Resources */ = {
			isa = PBXResourcesBuildPhase;
			buildActionMask = 2147483647;
			files = (
			);
			runOnlyForDeploymentPostprocessing = 0;
		};
/* End PBXResourcesBuildPhase section */

/* Begin PBXSourcesBuildPhase section */
		8CB684761FAA5A1B00736633 /* Sources */ = {
			isa = PBXSourcesBuildPhase;
			buildActionMask = 2147483647;
			files = (
				8CB684AB1FAA75B200736633 /* ViewController.swift in Sources */,
				8CB6847E1FAA5A1B00736633 /* AppDelegate.swift in Sources */,
			);
			runOnlyForDeploymentPostprocessing = 0;
		};
		8CB6848A1FAA5A1B00736633 /* Sources */ = {
			isa = PBXSourcesBuildPhase;
			buildActionMask = 2147483647;
			files = (
				8CB684931FAA5A1B00736633 /* tttTests.swift in Sources */,
			);
			runOnlyForDeploymentPostprocessing = 0;
		};
		8CB684951FAA5A1B00736633 /* Sources */ = {
			isa = PBXSourcesBuildPhase;
			buildActionMask = 2147483647;
			files = (
				8CB6849E1FAA5A1B00736633 /* tttUITests.swift in Sources */,
			);
			runOnlyForDeploymentPostprocessing = 0;
		};
/* End PBXSourcesBuildPhase section */

/* Begin PBXTargetDependency section */
		8CB684901FAA5A1B00736633 /* PBXTargetDependency */ = {
			isa = PBXTargetDependency;
			target = 8CB684791FAA5A1B00736633 /* ttt */;
			targetProxy = 8CB6848F1FAA5A1B00736633 /* PBXContainerItemProxy */;
		};
		8CB6849B1FAA5A1B00736633 /* PBXTargetDependency */ = {
			isa = PBXTargetDependency;
			target = 8CB684791FAA5A1B00736633 /* ttt */;
			targetProxy = 8CB6849A1FAA5A1B00736633 /* PBXContainerItemProxy */;
		};
/* End PBXTargetDependency section */

/* Begin PBXVariantGroup section */
		8CB684811FAA5A1B00736633 /* Main.storyboard */ = {
			isa = PBXVariantGroup;
			children = (
				8CB684821FAA5A1B00736633 /* Base */,
			);
			name = Main.storyboard;
			sourceTree = "<group>";
		};
		8CB684861FAA5A1B00736633 /* LaunchScreen.storyboard */ = {
			isa = PBXVariantGroup;
			children = (
				8CB684871FAA5A1B00736633 /* Base */,
			);
			name = LaunchScreen.storyboard;
			sourceTree = "<group>";
		};
/* End PBXVariantGroup section */

/* Begin XCBuildConfiguration section */
		8CB684A01FAA5A1B00736633 /* Debug */ = {
			isa = XCBuildConfiguration;
			buildSettings = {
				ALWAYS_SEARCH_USER_PATHS = NO;
				CLANG_ANALYZER_NONNULL = YES;
				CLANG_ANALYZER_NUMBER_OBJECT_CONVERSION = YES_AGGRESSIVE;
				CLANG_CXX_LANGUAGE_STANDARD = "gnu++14";
				CLANG_CXX_LIBRARY = "libc++";
				CLANG_ENABLE_MODULES = YES;
				CLANG_ENABLE_OBJC_ARC = YES;
				CLANG_WARN_BLOCK_CAPTURE_AUTORELEASING = YES;
				CLANG_WARN_BOOL_CONVERSION = YES;
				CLANG_WARN_COMMA = YES;
				CLANG_WARN_CONSTANT_CONVERSION = YES;
				CLANG_WARN_DIRECT_OBJC_ISA_USAGE = YES_ERROR;
				CLANG_WARN_DOCUMENTATION_COMMENTS = YES;
				CLANG_WARN_EMPTY_BODY = YES;
				CLANG_WARN_ENUM_CONVERSION = YES;
				CLANG_WARN_INFINITE_RECURSION = YES;
				CLANG_WARN_INT_CONVERSION = YES;
				CLANG_WARN_NON_LITERAL_NULL_CONVERSION = YES;
				CLANG_WARN_OBJC_LITERAL_CONVERSION = YES;
				CLANG_WARN_OBJC_ROOT_CLASS = YES_ERROR;
				CLANG_WARN_RANGE_LOOP_ANALYSIS = YES;
				CLANG_WARN_STRICT_PROTOTYPES = YES;
				CLANG_WARN_SUSPICIOUS_MOVE = YES;
				CLANG_WARN_UNGUARDED_AVAILABILITY = YES_AGGRESSIVE;
				CLANG_WARN_UNREACHABLE_CODE = YES;
				CLANG_WARN__DUPLICATE_METHOD_MATCH = YES;
				CODE_SIGN_IDENTITY = "iPhone Developer";
				COPY_PHASE_STRIP = NO;
				DEBUG_INFORMATION_FORMAT = dwarf;
				ENABLE_STRICT_OBJC_MSGSEND = YES;
				ENABLE_TESTABILITY = YES;
				GCC_C_LANGUAGE_STANDARD = gnu11;
				GCC_DYNAMIC_NO_PIC = NO;
				GCC_NO_COMMON_BLOCKS = YES;
				GCC_OPTIMIZATION_LEVEL = 0;
				GCC_PREPROCESSOR_DEFINITIONS = (
					"DEBUG=1",
					"$(inherited)",
				);
				GCC_WARN_64_TO_32_BIT_CONVERSION = YES;
				GCC_WARN_ABOUT_RETURN_TYPE = YES_ERROR;
				GCC_WARN_UNDECLARED_SELECTOR = YES;
				GCC_WARN_UNINITIALIZED_AUTOS = YES_AGGRESSIVE;
				GCC_WARN_UNUSED_FUNCTION = YES;
				GCC_WARN_UNUSED_VARIABLE = YES;
				IPHONEOS_DEPLOYMENT_TARGET = 11.0;
				MTL_ENABLE_DEBUG_INFO = YES;
				ONLY_ACTIVE_ARCH = YES;
				SDKROOT = iphoneos;
				SWIFT_ACTIVE_COMPILATION_CONDITIONS = DEBUG;
				SWIFT_OPTIMIZATION_LEVEL = "-Onone";
			};
			name = Debug;
		};
		8CB684A11FAA5A1B00736633 /* Release */ = {
			isa = XCBuildConfiguration;
			buildSettings = {
				ALWAYS_SEARCH_USER_PATHS = NO;
				CLANG_ANALYZER_NONNULL = YES;
				CLANG_ANALYZER_NUMBER_OBJECT_CONVERSION = YES_AGGRESSIVE;
				CLANG_CXX_LANGUAGE_STANDARD = "gnu++14";
				CLANG_CXX_LIBRARY = "libc++";
				CLANG_ENABLE_MODULES = YES;
				CLANG_ENABLE_OBJC_ARC = YES;
				CLANG_WARN_BLOCK_CAPTURE_AUTORELEASING = YES;
				CLANG_WARN_BOOL_CONVERSION = YES;
				CLANG_WARN_COMMA = YES;
				CLANG_WARN_CONSTANT_CONVERSION = YES;
				CLANG_WARN_DIRECT_OBJC_ISA_USAGE = YES_ERROR;
				CLANG_WARN_DOCUMENTATION_COMMENTS = YES;
				CLANG_WARN_EMPTY_BODY = YES;
				CLANG_WARN_ENUM_CONVERSION = YES;
				CLANG_WARN_INFINITE_RECURSION = YES;
				CLANG_WARN_INT_CONVERSION = YES;
				CLANG_WARN_NON_LITERAL_NULL_CONVERSION = YES;
				CLANG_WARN_OBJC_LITERAL_CONVERSION = YES;
				CLANG_WARN_OBJC_ROOT_CLASS = YES_ERROR;
				CLANG_WARN_RANGE_LOOP_ANALYSIS = YES;
				CLANG_WARN_STRICT_PROTOTYPES = YES;
				CLANG_WARN_SUSPICIOUS_MOVE = YES;
				CLANG_WARN_UNGUARDED_AVAILABILITY = YES_AGGRESSIVE;
				CLANG_WARN_UNREACHABLE_CODE = YES;
				CLANG_WARN__DUPLICATE_METHOD_MATCH = YES;
				CODE_SIGN_IDENTITY = "iPhone Developer";
				COPY_PHASE_STRIP = NO;
				DEBUG_INFORMATION_FORMAT = "dwarf-with-dsym";
				ENABLE_NS_ASSERTIONS = NO;
				ENABLE_STRICT_OBJC_MSGSEND = YES;
				GCC_C_LANGUAGE_STANDARD = gnu11;
				GCC_NO_COMMON_BLOCKS = YES;
				GCC_WARN_64_TO_32_BIT_CONVERSION = YES;
				GCC_WARN_ABOUT_RETURN_TYPE = YES_ERROR;
				GCC_WARN_UNDECLARED_SELECTOR = YES;
				GCC_WARN_UNINITIALIZED_AUTOS = YES_AGGRESSIVE;
				GCC_WARN_UNUSED_FUNCTION = YES;
				GCC_WARN_UNUSED_VARIABLE = YES;
				IPHONEOS_DEPLOYMENT_TARGET = 11.0;
				MTL_ENABLE_DEBUG_INFO = NO;
				SDKROOT = iphoneos;
				SWIFT_OPTIMIZATION_LEVEL = "-Owholemodule";
				VALIDATE_PRODUCT = YES;
			};
			name = Release;
		};
		8CB684A31FAA5A1B00736633 /* Debug */ = {
			isa = XCBuildConfiguration;
			buildSettings = {
				ASSETCATALOG_COMPILER_APPICON_NAME = AppIcon;
				CODE_SIGN_STYLE = Automatic;
				INFOPLIST_FILE = ttt/Info.plist;
				LD_RUNPATH_SEARCH_PATHS = "$(inherited) @executable_path/Frameworks";
				PRODUCT_BUNDLE_IDENTIFIER = com.codingdojo.ttt;
				PRODUCT_NAME = "$(TARGET_NAME)";
				SWIFT_VERSION = 4.0;
				TARGETED_DEVICE_FAMILY = "1,2";
			};
			name = Debug;
		};
		8CB684A41FAA5A1B00736633 /* Release */ = {
			isa = XCBuildConfiguration;
			buildSettings = {
				ASSETCATALOG_COMPILER_APPICON_NAME = AppIcon;
				CODE_SIGN_STYLE = Automatic;
				INFOPLIST_FILE = ttt/Info.plist;
				LD_RUNPATH_SEARCH_PATHS = "$(inherited) @executable_path/Frameworks";
				PRODUCT_BUNDLE_IDENTIFIER = com.codingdojo.ttt;
				PRODUCT_NAME = "$(TARGET_NAME)";
				SWIFT_VERSION = 4.0;
				TARGETED_DEVICE_FAMILY = "1,2";
			};
			name = Release;
		};
		8CB684A61FAA5A1B00736633 /* Debug */ = {
			isa = XCBuildConfiguration;
			buildSettings = {
				ALWAYS_EMBED_SWIFT_STANDARD_LIBRARIES = YES;
				BUNDLE_LOADER = "$(TEST_HOST)";
				CODE_SIGN_STYLE = Automatic;
				INFOPLIST_FILE = tttTests/Info.plist;
				LD_RUNPATH_SEARCH_PATHS = "$(inherited) @executable_path/Frameworks @loader_path/Frameworks";
				PRODUCT_BUNDLE_IDENTIFIER = com.codingdojo.tttTests;
				PRODUCT_NAME = "$(TARGET_NAME)";
				SWIFT_VERSION = 4.0;
				TARGETED_DEVICE_FAMILY = "1,2";
				TEST_HOST = "$(BUILT_PRODUCTS_DIR)/ttt.app/ttt";
			};
			name = Debug;
		};
		8CB684A71FAA5A1B00736633 /* Release */ = {
			isa = XCBuildConfiguration;
			buildSettings = {
				ALWAYS_EMBED_SWIFT_STANDARD_LIBRARIES = YES;
				BUNDLE_LOADER = "$(TEST_HOST)";
				CODE_SIGN_STYLE = Automatic;
				INFOPLIST_FILE = tttTests/Info.plist;
				LD_RUNPATH_SEARCH_PATHS = "$(inherited) @executable_path/Frameworks @loader_path/Frameworks";
				PRODUCT_BUNDLE_IDENTIFIER = com.codingdojo.tttTests;
				PRODUCT_NAME = "$(TARGET_NAME)";
				SWIFT_VERSION = 4.0;
				TARGETED_DEVICE_FAMILY = "1,2";
				TEST_HOST = "$(BUILT_PRODUCTS_DIR)/ttt.app/ttt";
			};
			name = Release;
		};
		8CB684A91FAA5A1B00736633 /* Debug */ = {
			isa = XCBuildConfiguration;
			buildSettings = {
				ALWAYS_EMBED_SWIFT_STANDARD_LIBRARIES = YES;
				CODE_SIGN_STYLE = Automatic;
				INFOPLIST_FILE = tttUITests/Info.plist;
				LD_RUNPATH_SEARCH_PATHS = "$(inherited) @executable_path/Frameworks @loader_path/Frameworks";
				PRODUCT_BUNDLE_IDENTIFIER = com.codingdojo.tttUITests;
				PRODUCT_NAME = "$(TARGET_NAME)";
				SWIFT_VERSION = 4.0;
				TARGETED_DEVICE_FAMILY = "1,2";
				TEST_TARGET_NAME = ttt;
			};
			name = Debug;
		};
		8CB684AA1FAA5A1B00736633 /* Release */ = {
			isa = XCBuildConfiguration;
			buildSettings = {
				ALWAYS_EMBED_SWIFT_STANDARD_LIBRARIES = YES;
				CODE_SIGN_STYLE = Automatic;
				INFOPLIST_FILE = tttUITests/Info.plist;
				LD_RUNPATH_SEARCH_PATHS = "$(inherited) @executable_path/Frameworks @loader_path/Frameworks";
				PRODUCT_BUNDLE_IDENTIFIER = com.codingdojo.tttUITests;
				PRODUCT_NAME = "$(TARGET_NAME)";
				SWIFT_VERSION = 4.0;
				TARGETED_DEVICE_FAMILY = "1,2";
				TEST_TARGET_NAME = ttt;
			};
			name = Release;
		};
/* End XCBuildConfiguration section */

/* Begin XCConfigurationList section */
		8CB684751FAA5A1B00736633 /* Build configuration list for PBXProject "ttt" */ = {
			isa = XCConfigurationList;
			buildConfigurations = (
				8CB684A01FAA5A1B00736633 /* Debug */,
				8CB684A11FAA5A1B00736633 /* Release */,
			);
			defaultConfigurationIsVisible = 0;
			defaultConfigurationName = Release;
		};
		8CB684A21FAA5A1B00736633 /* Build configuration list for PBXNativeTarget "ttt" */ = {
			isa = XCConfigurationList;
			buildConfigurations = (
				8CB684A31FAA5A1B00736633 /* Debug */,
				8CB684A41FAA5A1B00736633 /* Release */,
			);
			defaultConfigurationIsVisible = 0;
			defaultConfigurationName = Release;
		};
		8CB684A51FAA5A1B00736633 /* Build configuration list for PBXNativeTarget "tttTests" */ = {
			isa = XCConfigurationList;
			buildConfigurations = (
				8CB684A61FAA5A1B00736633 /* Debug */,
				8CB684A71FAA5A1B00736633 /* Release */,
			);
			defaultConfigurationIsVisible = 0;
			defaultConfigurationName = Release;
		};
		8CB684A81FAA5A1B00736633 /* Build configuration list for PBXNativeTarget "tttUITests" */ = {
			isa = XCConfigurationList;
			buildConfigurations = (
				8CB684A91FAA5A1B00736633 /* Debug */,
				8CB684AA1FAA5A1B00736633 /* Release */,
			);
			defaultConfigurationIsVisible = 0;
			defaultConfigurationName = Release;
		};
/* End XCConfigurationList section */
	};
	rootObject = 8CB684721FAA5A1B00736633 /* Project object */;
}
