// !$*UTF8*$!
{
	archiveVersion = 1;
	classes = {
	};
	objectVersion = 48;
	objects = {

/* Begin PBXBuildFile section */
		8CB6840A1FAA204A00736633 /* AppDelegate.swift in Sources */ = {isa = PBXBuildFile; fileRef = 8CB684091FAA204A00736633 /* AppDelegate.swift */; };
		8CB6840C1FAA204A00736633 /* ViewController.swift in Sources */ = {isa = PBXBuildFile; fileRef = 8CB6840B1FAA204A00736633 /* ViewController.swift */; };
		8CB6840F1FAA204A00736633 /* Main.storyboard in Resources */ = {isa = PBXBuildFile; fileRef = 8CB6840D1FAA204A00736633 /* Main.storyboard */; };
		8CB684111FAA204A00736633 /* Assets.xcassets in Resources */ = {isa = PBXBuildFile; fileRef = 8CB684101FAA204A00736633 /* Assets.xcassets */; };
		8CB684141FAA204A00736633 /* LaunchScreen.storyboard in Resources */ = {isa = PBXBuildFile; fileRef = 8CB684121FAA204A00736633 /* LaunchScreen.storyboard */; };
		8CB6841F1FAA204A00736633 /* cold_callTests.swift in Sources */ = {isa = PBXBuildFile; fileRef = 8CB6841E1FAA204A00736633 /* cold_callTests.swift */; };
		8CB6842A1FAA204B00736633 /* cold_callUITests.swift in Sources */ = {isa = PBXBuildFile; fileRef = 8CB684291FAA204B00736633 /* cold_callUITests.swift */; };
/* End PBXBuildFile section */

/* Begin PBXContainerItemProxy section */
		8CB6841B1FAA204A00736633 /* PBXContainerItemProxy */ = {
			isa = PBXContainerItemProxy;
			containerPortal = 8CB683FE1FAA204A00736633 /* Project object */;
			proxyType = 1;
			remoteGlobalIDString = 8CB684051FAA204A00736633;
			remoteInfo = cold_call;
		};
		8CB684261FAA204B00736633 /* PBXContainerItemProxy */ = {
			isa = PBXContainerItemProxy;
			containerPortal = 8CB683FE1FAA204A00736633 /* Project object */;
			proxyType = 1;
			remoteGlobalIDString = 8CB684051FAA204A00736633;
			remoteInfo = cold_call;
		};
/* End PBXContainerItemProxy section */

/* Begin PBXFileReference section */
		8CB684061FAA204A00736633 /* cold_call.app */ = {isa = PBXFileReference; explicitFileType = wrapper.application; includeInIndex = 0; path = cold_call.app; sourceTree = BUILT_PRODUCTS_DIR; };
		8CB684091FAA204A00736633 /* AppDelegate.swift */ = {isa = PBXFileReference; lastKnownFileType = sourcecode.swift; path = AppDelegate.swift; sourceTree = "<group>"; };
		8CB6840B1FAA204A00736633 /* ViewController.swift */ = {isa = PBXFileReference; lastKnownFileType = sourcecode.swift; path = ViewController.swift; sourceTree = "<group>"; };
		8CB6840E1FAA204A00736633 /* Base */ = {isa = PBXFileReference; lastKnownFileType = file.storyboard; name = Base; path = Base.lproj/Main.storyboard; sourceTree = "<group>"; };
		8CB684101FAA204A00736633 /* Assets.xcassets */ = {isa = PBXFileReference; lastKnownFileType = folder.assetcatalog; path = Assets.xcassets; sourceTree = "<group>"; };
		8CB684131FAA204A00736633 /* Base */ = {isa = PBXFileReference; lastKnownFileType = file.storyboard; name = Base; path = Base.lproj/LaunchScreen.storyboard; sourceTree = "<group>"; };
		8CB684151FAA204A00736633 /* Info.plist */ = {isa = PBXFileReference; lastKnownFileType = text.plist.xml; path = Info.plist; sourceTree = "<group>"; };
		8CB6841A1FAA204A00736633 /* cold_callTests.xctest */ = {isa = PBXFileReference; explicitFileType = wrapper.cfbundle; includeInIndex = 0; path = cold_callTests.xctest; sourceTree = BUILT_PRODUCTS_DIR; };
		8CB6841E1FAA204A00736633 /* cold_callTests.swift */ = {isa = PBXFileReference; lastKnownFileType = sourcecode.swift; path = cold_callTests.swift; sourceTree = "<group>"; };
		8CB684201FAA204A00736633 /* Info.plist */ = {isa = PBXFileReference; lastKnownFileType = text.plist.xml; path = Info.plist; sourceTree = "<group>"; };
		8CB684251FAA204B00736633 /* cold_callUITests.xctest */ = {isa = PBXFileReference; explicitFileType = wrapper.cfbundle; includeInIndex = 0; path = cold_callUITests.xctest; sourceTree = BUILT_PRODUCTS_DIR; };
		8CB684291FAA204B00736633 /* cold_callUITests.swift */ = {isa = PBXFileReference; lastKnownFileType = sourcecode.swift; path = cold_callUITests.swift; sourceTree = "<group>"; };
		8CB6842B1FAA204B00736633 /* Info.plist */ = {isa = PBXFileReference; lastKnownFileType = text.plist.xml; path = Info.plist; sourceTree = "<group>"; };
/* End PBXFileReference section */

/* Begin PBXFrameworksBuildPhase section */
		8CB684031FAA204A00736633 /* Frameworks */ = {
			isa = PBXFrameworksBuildPhase;
			buildActionMask = 2147483647;
			files = (
			);
			runOnlyForDeploymentPostprocessing = 0;
		};
		8CB684171FAA204A00736633 /* Frameworks */ = {
			isa = PBXFrameworksBuildPhase;
			buildActionMask = 2147483647;
			files = (
			);
			runOnlyForDeploymentPostprocessing = 0;
		};
		8CB684221FAA204B00736633 /* Frameworks */ = {
			isa = PBXFrameworksBuildPhase;
			buildActionMask = 2147483647;
			files = (
			);
			runOnlyForDeploymentPostprocessing = 0;
		};
/* End PBXFrameworksBuildPhase section */

/* Begin PBXGroup section */
		8CB683FD1FAA204A00736633 = {
			isa = PBXGroup;
			children = (
				8CB684081FAA204A00736633 /* cold_call */,
				8CB6841D1FAA204A00736633 /* cold_callTests */,
				8CB684281FAA204B00736633 /* cold_callUITests */,
				8CB684071FAA204A00736633 /* Products */,
			);
			sourceTree = "<group>";
		};
		8CB684071FAA204A00736633 /* Products */ = {
			isa = PBXGroup;
			children = (
				8CB684061FAA204A00736633 /* cold_call.app */,
				8CB6841A1FAA204A00736633 /* cold_callTests.xctest */,
				8CB684251FAA204B00736633 /* cold_callUITests.xctest */,
			);
			name = Products;
			sourceTree = "<group>";
		};
		8CB684081FAA204A00736633 /* cold_call */ = {
			isa = PBXGroup;
			children = (
				8CB684091FAA204A00736633 /* AppDelegate.swift */,
				8CB6840B1FAA204A00736633 /* ViewController.swift */,
				8CB6840D1FAA204A00736633 /* Main.storyboard */,
				8CB684101FAA204A00736633 /* Assets.xcassets */,
				8CB684121FAA204A00736633 /* LaunchScreen.storyboard */,
				8CB684151FAA204A00736633 /* Info.plist */,
			);
			path = cold_call;
			sourceTree = "<group>";
		};
		8CB6841D1FAA204A00736633 /* cold_callTests */ = {
			isa = PBXGroup;
			children = (
				8CB6841E1FAA204A00736633 /* cold_callTests.swift */,
				8CB684201FAA204A00736633 /* Info.plist */,
			);
			path = cold_callTests;
			sourceTree = "<group>";
		};
		8CB684281FAA204B00736633 /* cold_callUITests */ = {
			isa = PBXGroup;
			children = (
				8CB684291FAA204B00736633 /* cold_callUITests.swift */,
				8CB6842B1FAA204B00736633 /* Info.plist */,
			);
			path = cold_callUITests;
			sourceTree = "<group>";
		};
/* End PBXGroup section */

/* Begin PBXNativeTarget section */
		8CB684051FAA204A00736633 /* cold_call */ = {
			isa = PBXNativeTarget;
			buildConfigurationList = 8CB6842E1FAA204B00736633 /* Build configuration list for PBXNativeTarget "cold_call" */;
			buildPhases = (
				8CB684021FAA204A00736633 /* Sources */,
				8CB684031FAA204A00736633 /* Frameworks */,
				8CB684041FAA204A00736633 /* Resources */,
			);
			buildRules = (
			);
			dependencies = (
			);
			name = cold_call;
			productName = cold_call;
			productReference = 8CB684061FAA204A00736633 /* cold_call.app */;
			productType = "com.apple.product-type.application";
		};
		8CB684191FAA204A00736633 /* cold_callTests */ = {
			isa = PBXNativeTarget;
			buildConfigurationList = 8CB684311FAA204B00736633 /* Build configuration list for PBXNativeTarget "cold_callTests" */;
			buildPhases = (
				8CB684161FAA204A00736633 /* Sources */,
				8CB684171FAA204A00736633 /* Frameworks */,
				8CB684181FAA204A00736633 /* Resources */,
			);
			buildRules = (
			);
			dependencies = (
				8CB6841C1FAA204A00736633 /* PBXTargetDependency */,
			);
			name = cold_callTests;
			productName = cold_callTests;
			productReference = 8CB6841A1FAA204A00736633 /* cold_callTests.xctest */;
			productType = "com.apple.product-type.bundle.unit-test";
		};
		8CB684241FAA204B00736633 /* cold_callUITests */ = {
			isa = PBXNativeTarget;
			buildConfigurationList = 8CB684341FAA204B00736633 /* Build configuration list for PBXNativeTarget "cold_callUITests" */;
			buildPhases = (
				8CB684211FAA204B00736633 /* Sources */,
				8CB684221FAA204B00736633 /* Frameworks */,
				8CB684231FAA204B00736633 /* Resources */,
			);
			buildRules = (
			);
			dependencies = (
				8CB684271FAA204B00736633 /* PBXTargetDependency */,
			);
			name = cold_callUITests;
			productName = cold_callUITests;
			productReference = 8CB684251FAA204B00736633 /* cold_callUITests.xctest */;
			productType = "com.apple.product-type.bundle.ui-testing";
		};
/* End PBXNativeTarget section */

/* Begin PBXProject section */
		8CB683FE1FAA204A00736633 /* Project object */ = {
			isa = PBXProject;
			attributes = {
				LastSwiftUpdateCheck = 0900;
				LastUpgradeCheck = 0900;
				ORGANIZATIONNAME = "Tiffani Fox";
				TargetAttributes = {
					8CB684051FAA204A00736633 = {
						CreatedOnToolsVersion = 9.0.1;
						ProvisioningStyle = Automatic;
					};
					8CB684191FAA204A00736633 = {
						CreatedOnToolsVersion = 9.0.1;
						ProvisioningStyle = Automatic;
						TestTargetID = 8CB684051FAA204A00736633;
					};
					8CB684241FAA204B00736633 = {
						CreatedOnToolsVersion = 9.0.1;
						ProvisioningStyle = Automatic;
						TestTargetID = 8CB684051FAA204A00736633;
					};
				};
			};
			buildConfigurationList = 8CB684011FAA204A00736633 /* Build configuration list for PBXProject "cold_call" */;
			compatibilityVersion = "Xcode 8.0";
			developmentRegion = en;
			hasScannedForEncodings = 0;
			knownRegions = (
				en,
				Base,
			);
			mainGroup = 8CB683FD1FAA204A00736633;
			productRefGroup = 8CB684071FAA204A00736633 /* Products */;
			projectDirPath = "";
			projectRoot = "";
			targets = (
				8CB684051FAA204A00736633 /* cold_call */,
				8CB684191FAA204A00736633 /* cold_callTests */,
				8CB684241FAA204B00736633 /* cold_callUITests */,
			);
		};
/* End PBXProject section */

/* Begin PBXResourcesBuildPhase section */
		8CB684041FAA204A00736633 /* Resources */ = {
			isa = PBXResourcesBuildPhase;
			buildActionMask = 2147483647;
			files = (
				8CB684141FAA204A00736633 /* LaunchScreen.storyboard in Resources */,
				8CB684111FAA204A00736633 /* Assets.xcassets in Resources */,
				8CB6840F1FAA204A00736633 /* Main.storyboard in Resources */,
			);
			runOnlyForDeploymentPostprocessing = 0;
		};
		8CB684181FAA204A00736633 /* Resources */ = {
			isa = PBXResourcesBuildPhase;
			buildActionMask = 2147483647;
			files = (
			);
			runOnlyForDeploymentPostprocessing = 0;
		};
		8CB684231FAA204B00736633 /* Resources */ = {
			isa = PBXResourcesBuildPhase;
			buildActionMask = 2147483647;
			files = (
			);
			runOnlyForDeploymentPostprocessing = 0;
		};
/* End PBXResourcesBuildPhase section */

/* Begin PBXSourcesBuildPhase section */
		8CB684021FAA204A00736633 /* Sources */ = {
			isa = PBXSourcesBuildPhase;
			buildActionMask = 2147483647;
			files = (
				8CB6840C1FAA204A00736633 /* ViewController.swift in Sources */,
				8CB6840A1FAA204A00736633 /* AppDelegate.swift in Sources */,
			);
			runOnlyForDeploymentPostprocessing = 0;
		};
		8CB684161FAA204A00736633 /* Sources */ = {
			isa = PBXSourcesBuildPhase;
			buildActionMask = 2147483647;
			files = (
				8CB6841F1FAA204A00736633 /* cold_callTests.swift in Sources */,
			);
			runOnlyForDeploymentPostprocessing = 0;
		};
		8CB684211FAA204B00736633 /* Sources */ = {
			isa = PBXSourcesBuildPhase;
			buildActionMask = 2147483647;
			files = (
				8CB6842A1FAA204B00736633 /* cold_callUITests.swift in Sources */,
			);
			runOnlyForDeploymentPostprocessing = 0;
		};
/* End PBXSourcesBuildPhase section */

/* Begin PBXTargetDependency section */
		8CB6841C1FAA204A00736633 /* PBXTargetDependency */ = {
			isa = PBXTargetDependency;
			target = 8CB684051FAA204A00736633 /* cold_call */;
			targetProxy = 8CB6841B1FAA204A00736633 /* PBXContainerItemProxy */;
		};
		8CB684271FAA204B00736633 /* PBXTargetDependency */ = {
			isa = PBXTargetDependency;
			target = 8CB684051FAA204A00736633 /* cold_call */;
			targetProxy = 8CB684261FAA204B00736633 /* PBXContainerItemProxy */;
		};
/* End PBXTargetDependency section */

/* Begin PBXVariantGroup section */
		8CB6840D1FAA204A00736633 /* Main.storyboard */ = {
			isa = PBXVariantGroup;
			children = (
				8CB6840E1FAA204A00736633 /* Base */,
			);
			name = Main.storyboard;
			sourceTree = "<group>";
		};
		8CB684121FAA204A00736633 /* LaunchScreen.storyboard */ = {
			isa = PBXVariantGroup;
			children = (
				8CB684131FAA204A00736633 /* Base */,
			);
			name = LaunchScreen.storyboard;
			sourceTree = "<group>";
		};
/* End PBXVariantGroup section */

/* Begin XCBuildConfiguration section */
		8CB6842C1FAA204B00736633 /* Debug */ = {
			isa = XCBuildConfiguration;
			buildSettings = {
				ALWAYS_SEARCH_USER_PATHS = NO;
				CLANG_ANALYZER_NONNULL = YES;
				CLANG_ANALYZER_NUMBER_OBJECT_CONVERSION = YES_AGGRESSIVE;
				CLANG_CXX_LANGUAGE_STANDARD = "gnu++14";
				CLANG_CXX_LIBRARY = "libc++";
				CLANG_ENABLE_MODULES = YES;
				CLANG_ENABLE_OBJC_ARC = YES;
				CLANG_WARN_BLOCK_CAPTURE_AUTORELEASING = YES;
				CLANG_WARN_BOOL_CONVERSION = YES;
				CLANG_WARN_COMMA = YES;
				CLANG_WARN_CONSTANT_CONVERSION = YES;
				CLANG_WARN_DIRECT_OBJC_ISA_USAGE = YES_ERROR;
				CLANG_WARN_DOCUMENTATION_COMMENTS = YES;
				CLANG_WARN_EMPTY_BODY = YES;
				CLANG_WARN_ENUM_CONVERSION = YES;
				CLANG_WARN_INFINITE_RECURSION = YES;
				CLANG_WARN_INT_CONVERSION = YES;
				CLANG_WARN_NON_LITERAL_NULL_CONVERSION = YES;
				CLANG_WARN_OBJC_LITERAL_CONVERSION = YES;
				CLANG_WARN_OBJC_ROOT_CLASS = YES_ERROR;
				CLANG_WARN_RANGE_LOOP_ANALYSIS = YES;
				CLANG_WARN_STRICT_PROTOTYPES = YES;
				CLANG_WARN_SUSPICIOUS_MOVE = YES;
				CLANG_WARN_UNGUARDED_AVAILABILITY = YES_AGGRESSIVE;
				CLANG_WARN_UNREACHABLE_CODE = YES;
				CLANG_WARN__DUPLICATE_METHOD_MATCH = YES;
				CODE_SIGN_IDENTITY = "iPhone Developer";
				COPY_PHASE_STRIP = NO;
				DEBUG_INFORMATION_FORMAT = dwarf;
				ENABLE_STRICT_OBJC_MSGSEND = YES;
				ENABLE_TESTABILITY = YES;
				GCC_C_LANGUAGE_STANDARD = gnu11;
				GCC_DYNAMIC_NO_PIC = NO;
				GCC_NO_COMMON_BLOCKS = YES;
				GCC_OPTIMIZATION_LEVEL = 0;
				GCC_PREPROCESSOR_DEFINITIONS = (
					"DEBUG=1",
					"$(inherited)",
				);
				GCC_WARN_64_TO_32_BIT_CONVERSION = YES;
				GCC_WARN_ABOUT_RETURN_TYPE = YES_ERROR;
				GCC_WARN_UNDECLARED_SELECTOR = YES;
				GCC_WARN_UNINITIALIZED_AUTOS = YES_AGGRESSIVE;
				GCC_WARN_UNUSED_FUNCTION = YES;
				GCC_WARN_UNUSED_VARIABLE = YES;
				IPHONEOS_DEPLOYMENT_TARGET = 11.0;
				MTL_ENABLE_DEBUG_INFO = YES;
				ONLY_ACTIVE_ARCH = YES;
				SDKROOT = iphoneos;
				SWIFT_ACTIVE_COMPILATION_CONDITIONS = DEBUG;
				SWIFT_OPTIMIZATION_LEVEL = "-Onone";
			};
			name = Debug;
		};
		8CB6842D1FAA204B00736633 /* Release */ = {
			isa = XCBuildConfiguration;
			buildSettings = {
				ALWAYS_SEARCH_USER_PATHS = NO;
				CLANG_ANALYZER_NONNULL = YES;
				CLANG_ANALYZER_NUMBER_OBJECT_CONVERSION = YES_AGGRESSIVE;
				CLANG_CXX_LANGUAGE_STANDARD = "gnu++14";
				CLANG_CXX_LIBRARY = "libc++";
				CLANG_ENABLE_MODULES = YES;
				CLANG_ENABLE_OBJC_ARC = YES;
				CLANG_WARN_BLOCK_CAPTURE_AUTORELEASING = YES;
				CLANG_WARN_BOOL_CONVERSION = YES;
				CLANG_WARN_COMMA = YES;
				CLANG_WARN_CONSTANT_CONVERSION = YES;
				CLANG_WARN_DIRECT_OBJC_ISA_USAGE = YES_ERROR;
				CLANG_WARN_DOCUMENTATION_COMMENTS = YES;
				CLANG_WARN_EMPTY_BODY = YES;
				CLANG_WARN_ENUM_CONVERSION = YES;
				CLANG_WARN_INFINITE_RECURSION = YES;
				CLANG_WARN_INT_CONVERSION = YES;
				CLANG_WARN_NON_LITERAL_NULL_CONVERSION = YES;
				CLANG_WARN_OBJC_LITERAL_CONVERSION = YES;
				CLANG_WARN_OBJC_ROOT_CLASS = YES_ERROR;
				CLANG_WARN_RANGE_LOOP_ANALYSIS = YES;
				CLANG_WARN_STRICT_PROTOTYPES = YES;
				CLANG_WARN_SUSPICIOUS_MOVE = YES;
				CLANG_WARN_UNGUARDED_AVAILABILITY = YES_AGGRESSIVE;
				CLANG_WARN_UNREACHABLE_CODE = YES;
				CLANG_WARN__DUPLICATE_METHOD_MATCH = YES;
				CODE_SIGN_IDENTITY = "iPhone Developer";
				COPY_PHASE_STRIP = NO;
				DEBUG_INFORMATION_FORMAT = "dwarf-with-dsym";
				ENABLE_NS_ASSERTIONS = NO;
				ENABLE_STRICT_OBJC_MSGSEND = YES;
				GCC_C_LANGUAGE_STANDARD = gnu11;
				GCC_NO_COMMON_BLOCKS = YES;
				GCC_WARN_64_TO_32_BIT_CONVERSION = YES;
				GCC_WARN_ABOUT_RETURN_TYPE = YES_ERROR;
				GCC_WARN_UNDECLARED_SELECTOR = YES;
				GCC_WARN_UNINITIALIZED_AUTOS = YES_AGGRESSIVE;
				GCC_WARN_UNUSED_FUNCTION = YES;
				GCC_WARN_UNUSED_VARIABLE = YES;
				IPHONEOS_DEPLOYMENT_TARGET = 11.0;
				MTL_ENABLE_DEBUG_INFO = NO;
				SDKROOT = iphoneos;
				SWIFT_OPTIMIZATION_LEVEL = "-Owholemodule";
				VALIDATE_PRODUCT = YES;
			};
			name = Release;
		};
		8CB6842F1FAA204B00736633 /* Debug */ = {
			isa = XCBuildConfiguration;
			buildSettings = {
				ASSETCATALOG_COMPILER_APPICON_NAME = AppIcon;
				CODE_SIGN_STYLE = Automatic;
				INFOPLIST_FILE = cold_call/Info.plist;
				LD_RUNPATH_SEARCH_PATHS = "$(inherited) @executable_path/Frameworks";
				PRODUCT_BUNDLE_IDENTIFIER = "com.codingdojo.cold-call";
				PRODUCT_NAME = "$(TARGET_NAME)";
				SWIFT_VERSION = 4.0;
				TARGETED_DEVICE_FAMILY = "1,2";
			};
			name = Debug;
		};
		8CB684301FAA204B00736633 /* Release */ = {
			isa = XCBuildConfiguration;
			buildSettings = {
				ASSETCATALOG_COMPILER_APPICON_NAME = AppIcon;
				CODE_SIGN_STYLE = Automatic;
				INFOPLIST_FILE = cold_call/Info.plist;
				LD_RUNPATH_SEARCH_PATHS = "$(inherited) @executable_path/Frameworks";
				PRODUCT_BUNDLE_IDENTIFIER = "com.codingdojo.cold-call";
				PRODUCT_NAME = "$(TARGET_NAME)";
				SWIFT_VERSION = 4.0;
				TARGETED_DEVICE_FAMILY = "1,2";
			};
			name = Release;
		};
		8CB684321FAA204B00736633 /* Debug */ = {
			isa = XCBuildConfiguration;
			buildSettings = {
				ALWAYS_EMBED_SWIFT_STANDARD_LIBRARIES = YES;
				BUNDLE_LOADER = "$(TEST_HOST)";
				CODE_SIGN_STYLE = Automatic;
				INFOPLIST_FILE = cold_callTests/Info.plist;
				LD_RUNPATH_SEARCH_PATHS = "$(inherited) @executable_path/Frameworks @loader_path/Frameworks";
				PRODUCT_BUNDLE_IDENTIFIER = "com.codingdojo.cold-callTests";
				PRODUCT_NAME = "$(TARGET_NAME)";
				SWIFT_VERSION = 4.0;
				TARGETED_DEVICE_FAMILY = "1,2";
				TEST_HOST = "$(BUILT_PRODUCTS_DIR)/cold_call.app/cold_call";
			};
			name = Debug;
		};
		8CB684331FAA204B00736633 /* Release */ = {
			isa = XCBuildConfiguration;
			buildSettings = {
				ALWAYS_EMBED_SWIFT_STANDARD_LIBRARIES = YES;
				BUNDLE_LOADER = "$(TEST_HOST)";
				CODE_SIGN_STYLE = Automatic;
				INFOPLIST_FILE = cold_callTests/Info.plist;
				LD_RUNPATH_SEARCH_PATHS = "$(inherited) @executable_path/Frameworks @loader_path/Frameworks";
				PRODUCT_BUNDLE_IDENTIFIER = "com.codingdojo.cold-callTests";
				PRODUCT_NAME = "$(TARGET_NAME)";
				SWIFT_VERSION = 4.0;
				TARGETED_DEVICE_FAMILY = "1,2";
				TEST_HOST = "$(BUILT_PRODUCTS_DIR)/cold_call.app/cold_call";
			};
			name = Release;
		};
		8CB684351FAA204B00736633 /* Debug */ = {
			isa = XCBuildConfiguration;
			buildSettings = {
				ALWAYS_EMBED_SWIFT_STANDARD_LIBRARIES = YES;
				CODE_SIGN_STYLE = Automatic;
				INFOPLIST_FILE = cold_callUITests/Info.plist;
				LD_RUNPATH_SEARCH_PATHS = "$(inherited) @executable_path/Frameworks @loader_path/Frameworks";
				PRODUCT_BUNDLE_IDENTIFIER = "com.codingdojo.cold-callUITests";
				PRODUCT_NAME = "$(TARGET_NAME)";
				SWIFT_VERSION = 4.0;
				TARGETED_DEVICE_FAMILY = "1,2";
				TEST_TARGET_NAME = cold_call;
			};
			name = Debug;
		};
		8CB684361FAA204B00736633 /* Release */ = {
			isa = XCBuildConfiguration;
			buildSettings = {
				ALWAYS_EMBED_SWIFT_STANDARD_LIBRARIES = YES;
				CODE_SIGN_STYLE = Automatic;
				INFOPLIST_FILE = cold_callUITests/Info.plist;
				LD_RUNPATH_SEARCH_PATHS = "$(inherited) @executable_path/Frameworks @loader_path/Frameworks";
				PRODUCT_BUNDLE_IDENTIFIER = "com.codingdojo.cold-callUITests";
				PRODUCT_NAME = "$(TARGET_NAME)";
				SWIFT_VERSION = 4.0;
				TARGETED_DEVICE_FAMILY = "1,2";
				TEST_TARGET_NAME = cold_call;
			};
			name = Release;
		};
/* End XCBuildConfiguration section */

/* Begin XCConfigurationList section */
		8CB684011FAA204A00736633 /* Build configuration list for PBXProject "cold_call" */ = {
			isa = XCConfigurationList;
			buildConfigurations = (
				8CB6842C1FAA204B00736633 /* Debug */,
				8CB6842D1FAA204B00736633 /* Release */,
			);
			defaultConfigurationIsVisible = 0;
			defaultConfigurationName = Release;
		};
		8CB6842E1FAA204B00736633 /* Build configuration list for PBXNativeTarget "cold_call" */ = {
			isa = XCConfigurationList;
			buildConfigurations = (
				8CB6842F1FAA204B00736633 /* Debug */,
				8CB684301FAA204B00736633 /* Release */,
			);
			defaultConfigurationIsVisible = 0;
			defaultConfigurationName = Release;
		};
		8CB684311FAA204B00736633 /* Build configuration list for PBXNativeTarget "cold_callTests" */ = {
			isa = XCConfigurationList;
			buildConfigurations = (
				8CB684321FAA204B00736633 /* Debug */,
				8CB684331FAA204B00736633 /* Release */,
			);
			defaultConfigurationIsVisible = 0;
			defaultConfigurationName = Release;
		};
		8CB684341FAA204B00736633 /* Build configuration list for PBXNativeTarget "cold_callUITests" */ = {
			isa = XCConfigurationList;
			buildConfigurations = (
				8CB684351FAA204B00736633 /* Debug */,
				8CB684361FAA204B00736633 /* Release */,
			);
			defaultConfigurationIsVisible = 0;
			defaultConfigurationName = Release;
		};
/* End XCConfigurationList section */
	};
	rootObject = 8CB683FE1FAA204A00736633 /* Project object */;
}
